
Microsoft Visual Studio Solution File, Format Version 12.00
# Visual Studio 15
Project("{FAE04EC0-301F-11D3-BF4B-00C04F79EFBC}") = "Assembly-CSharp", "Assembly-CSharp.csproj", "{8FE5473B-DCDA-D562-EF34-1B3936847F23}"
EndProject
Project("{FAE04EC0-301F-11D3-BF4B-00C04F79EFBC}") = "Oculus.Interaction", "Oculus.Interaction.csproj", "{91CB4D2B-9035-0CF3-92F5-72040125AB7D}"
EndProject
Project("{FAE04EC0-301F-11D3-BF4B-00C04F79EFBC}") = "Oculus.VR", "Oculus.VR.csproj", "{B233F2D8-9C19-43E3-D57A-3B7239C91AFB}"
EndProject
Project("{FAE04EC0-301F-11D3-BF4B-00C04F79EFBC}") = "Oculus.Spatializer", "Oculus.Spatializer.csproj", "{A800E46E-49F5-DC03-932C-3A387B056814}"
EndProject
Project("{FAE04EC0-301F-11D3-BF4B-00C04F79EFBC}") = "Facebook.WitAI", "Facebook.WitAI.csproj", "{D726D739-279C-70F0-3DB9-D7D6B0C62BAA}"
EndProject
Project("{FAE04EC0-301F-11D3-BF4B-00C04F79EFBC}") = "AssistantCoreSDKRuntime", "AssistantCoreSDKRuntime.csproj", "{AE1B42F0-D4E2-A335-4958-B80EA3AFB439}"
EndProject
Project("{FAE04EC0-301F-11D3-BF4B-00C04F79EFBC}") = "Oculus.Platform", "Oculus.Platform.csproj", "{7E497444-B674-3BCF-18D4-8CBB4026DBFD}"
EndProject
Project("{FAE04EC0-301F-11D3-BF4B-00C04F79EFBC}") = "Runtime", "Runtime.csproj", "{7C7C2C77-7FCB-2819-3FA2-50945E56E1BC}"
EndProject
Project("{FAE04EC0-301F-11D3-BF4B-00C04F79EFBC}") = "Oculus.Interaction.Samples", "Oculus.Interaction.Samples.csproj", "{374B3DE7-30B2-8CFA-D8D2-9DDB843A469D}"
EndProject
Project("{FAE04EC0-301F-11D3-BF4B-00C04F79EFBC}") = "AllIn1VfxAssmebly", "AllIn1VfxAssmebly.csproj", "{EE8751E4-6F47-FD0D-66B4-AED9416D1C99}"
EndProject
Project("{FAE04EC0-301F-11D3-BF4B-00C04F79EFBC}") = "Oculus.LipSync", "Oculus.LipSync.csproj", "{736AE089-336B-9354-5539-CE42560F30FE}"
EndProject
Project("{FAE04EC0-301F-11D3-BF4B-00C04F79EFBC}") = "Oculus.AudioManager", "Oculus.AudioManager.csproj", "{8D3B5694-EF25-D364-1279-9E3DF21D21DE}"
EndProject
Project("{FAE04EC0-301F-11D3-BF4B-00C04F79EFBC}") = "AllIn1VfxDemoScriptAssemblies", "AllIn1VfxDemoScriptAssemblies.csproj", "{AFB074B9-3802-7FB5-C26C-E10E44539BEE}"
EndProject
Project("{FAE04EC0-301F-11D3-BF4B-00C04F79EFBC}") = "VoiceSDK.Runtime", "VoiceSDK.Runtime.csproj", "{9A4DE16B-FCA8-65B5-6E44-C374029F8A0B}"
EndProject
Project("{FAE04EC0-301F-11D3-BF4B-00C04F79EFBC}") = "AllIn1VfxTexDemoAssembly", "AllIn1VfxTexDemoAssembly.csproj", "{74313FD2-F975-6359-4D6C-671B8C1AE7B0}"
EndProject
Project("{FAE04EC0-301F-11D3-BF4B-00C04F79EFBC}") = "VoiceSDK.Editor", "VoiceSDK.Editor.csproj", "{D635FD5A-9518-1021-D249-DBCD39A6B414}"
EndProject
Project("{FAE04EC0-301F-11D3-BF4B-00C04F79EFBC}") = "Oculus.AudioManager.Audio.Editor", "Oculus.AudioManager.Audio.Editor.csproj", "{0C7B3FEA-F59B-2E1C-9026-A04896C8E744}"
EndProject
Project("{FAE04EC0-301F-11D3-BF4B-00C04F79EFBC}") = "Oculus.Interaction.Editor", "Oculus.Interaction.Editor.csproj", "{CE65DAD6-17DF-EA7D-8CD0-643653900703}"
EndProject
Project("{FAE04EC0-301F-11D3-BF4B-00C04F79EFBC}") = "Oculus.VR.Scripts.Editor", "Oculus.VR.Scripts.Editor.csproj", "{AE798DD5-1DA9-6FA0-BF59-18DBF82C5655}"
EndProject
Project("{FAE04EC0-301F-11D3-BF4B-00C04F79EFBC}") = "Oculus.VR.Editor", "Oculus.VR.Editor.csproj", "{18739418-ADD3-DF6C-F39B-404E397D4582}"
EndProject
Project("{FAE04EC0-301F-11D3-BF4B-00C04F79EFBC}") = "AssistantCoreSDKEditor", "AssistantCoreSDKEditor.csproj", "{08D4B320-2D62-1428-4847-DF4755301606}"
EndProject
Project("{FAE04EC0-301F-11D3-BF4B-00C04F79EFBC}") = "Facebook.Wit.Editor", "Facebook.Wit.Editor.csproj", "{A645E217-F162-F28F-793F-A6F5D20C53E8}"
EndProject
Project("{FAE04EC0-301F-11D3-BF4B-00C04F79EFBC}") = "Oculus.Spatializer.Editor", "Oculus.Spatializer.Editor.csproj", "{71DD9712-0C11-E62E-E595-90C28CEEB917}"
EndProject
Project("{FAE04EC0-301F-11D3-BF4B-00C04F79EFBC}") = "Oculus.Platform.Editor", "Oculus.Platform.Editor.csproj", "{77F32B5A-43A6-79D7-AA0E-0C160C3B4FF7}"
EndProject
Project("{FAE04EC0-301F-11D3-BF4B-00C04F79EFBC}") = "Oculus.LipSync.Editor", "Oculus.LipSync.Editor.csproj", "{2B120175-7A1A-8A6A-B584-89A59EB50451}"
EndProject
Project("{FAE04EC0-301F-11D3-BF4B-00C04F79EFBC}") = "Oculus.Interaction.InterfaceSupport", "Oculus.Interaction.InterfaceSupport.csproj", "{128396E6-E329-32AD-0205-01AC35DBA033}"
EndProject
Project("{FAE04EC0-301F-11D3-BF4B-00C04F79EFBC}") = "Oculus.AudioManager.Utils.Editor", "Oculus.AudioManager.Utils.Editor.csproj", "{C1AA174E-96D3-D84D-01DD-50FD33CFC1F9}"
EndProject
Project("{FAE04EC0-301F-11D3-BF4B-00C04F79EFBC}") = "Assembly-CSharp-Editor", "Assembly-CSharp-Editor.csproj", "{9EF6CDF5-B482-0566-5A9C-CA49673441F0}"
EndProject
Global
	GlobalSection(SolutionConfigurationPlatforms) = preSolution
		Debug|Any CPU = Debug|Any CPU
		Release|Any CPU = Release|Any CPU
	EndGlobalSection
	GlobalSection(ProjectConfigurationPlatforms) = postSolution
		{8FE5473B-DCDA-D562-EF34-1B3936847F23}.Debug|Any CPU.ActiveCfg = Debug|Any CPU
		{8FE5473B-DCDA-D562-EF34-1B3936847F23}.Debug|Any CPU.Build.0 = Debug|Any CPU
		{8FE5473B-DCDA-D562-EF34-1B3936847F23}.Release|Any CPU.ActiveCfg = Release|Any CPU
		{8FE5473B-DCDA-D562-EF34-1B3936847F23}.Release|Any CPU.Build.0 = Release|Any CPU
		{91CB4D2B-9035-0CF3-92F5-72040125AB7D}.Debug|Any CPU.ActiveCfg = Debug|Any CPU
		{91CB4D2B-9035-0CF3-92F5-72040125AB7D}.Debug|Any CPU.Build.0 = Debug|Any CPU
		{91CB4D2B-9035-0CF3-92F5-72040125AB7D}.Release|Any CPU.ActiveCfg = Release|Any CPU
		{91CB4D2B-9035-0CF3-92F5-72040125AB7D}.Release|Any CPU.Build.0 = Release|Any CPU
		{B233F2D8-9C19-43E3-D57A-3B7239C91AFB}.Debug|Any CPU.ActiveCfg = Debug|Any CPU
		{B233F2D8-9C19-43E3-D57A-3B7239C91AFB}.Debug|Any CPU.Build.0 = Debug|Any CPU
		{B233F2D8-9C19-43E3-D57A-3B7239C91AFB}.Release|Any CPU.ActiveCfg = Release|Any CPU
		{B233F2D8-9C19-43E3-D57A-3B7239C91AFB}.Release|Any CPU.Build.0 = Release|Any CPU
		{A800E46E-49F5-DC03-932C-3A387B056814}.Debug|Any CPU.ActiveCfg = Debug|Any CPU
		{A800E46E-49F5-DC03-932C-3A387B056814}.Debug|Any CPU.Build.0 = Debug|Any CPU
		{A800E46E-49F5-DC03-932C-3A387B056814}.Release|Any CPU.ActiveCfg = Release|Any CPU
		{A800E46E-49F5-DC03-932C-3A387B056814}.Release|Any CPU.Build.0 = Release|Any CPU
		{D726D739-279C-70F0-3DB9-D7D6B0C62BAA}.Debug|Any CPU.ActiveCfg = Debug|Any CPU
		{D726D739-279C-70F0-3DB9-D7D6B0C62BAA}.Debug|Any CPU.Build.0 = Debug|Any CPU
		{D726D739-279C-70F0-3DB9-D7D6B0C62BAA}.Release|Any CPU.ActiveCfg = Release|Any CPU
		{D726D739-279C-70F0-3DB9-D7D6B0C62BAA}.Release|Any CPU.Build.0 = Release|Any CPU
		{AE1B42F0-D4E2-A335-4958-B80EA3AFB439}.Debug|Any CPU.ActiveCfg = Debug|Any CPU
		{AE1B42F0-D4E2-A335-4958-B80EA3AFB439}.Debug|Any CPU.Build.0 = Debug|Any CPU
		{AE1B42F0-D4E2-A335-4958-B80EA3AFB439}.Release|Any CPU.ActiveCfg = Release|Any CPU
		{AE1B42F0-D4E2-A335-4958-B80EA3AFB439}.Release|Any CPU.Build.0 = Release|Any CPU
		{7E497444-B674-3BCF-18D4-8CBB4026DBFD}.Debug|Any CPU.ActiveCfg = Debug|Any CPU
		{7E497444-B674-3BCF-18D4-8CBB4026DBFD}.Debug|Any CPU.Build.0 = Debug|Any CPU
		{7E497444-B674-3BCF-18D4-8CBB4026DBFD}.Release|Any CPU.ActiveCfg = Release|Any CPU
		{7E497444-B674-3BCF-18D4-8CBB4026DBFD}.Release|Any CPU.Build.0 = Release|Any CPU
		{7C7C2C77-7FCB-2819-3FA2-50945E56E1BC}.Debug|Any CPU.ActiveCfg = Debug|Any CPU
		{7C7C2C77-7FCB-2819-3FA2-50945E56E1BC}.Debug|Any CPU.Build.0 = Debug|Any CPU
		{7C7C2C77-7FCB-2819-3FA2-50945E56E1BC}.Release|Any CPU.ActiveCfg = Release|Any CPU
		{7C7C2C77-7FCB-2819-3FA2-50945E56E1BC}.Release|Any CPU.Build.0 = Release|Any CPU
		{374B3DE7-30B2-8CFA-D8D2-9DDB843A469D}.Debug|Any CPU.ActiveCfg = Debug|Any CPU
		{374B3DE7-30B2-8CFA-D8D2-9DDB843A469D}.Debug|Any CPU.Build.0 = Debug|Any CPU
		{374B3DE7-30B2-8CFA-D8D2-9DDB843A469D}.Release|Any CPU.ActiveCfg = Release|Any CPU
		{374B3DE7-30B2-8CFA-D8D2-9DDB843A469D}.Release|Any CPU.Build.0 = Release|Any CPU
		{EE8751E4-6F47-FD0D-66B4-AED9416D1C99}.Debug|Any CPU.ActiveCfg = Debug|Any CPU
		{EE8751E4-6F47-FD0D-66B4-AED9416D1C99}.Debug|Any CPU.Build.0 = Debug|Any CPU
		{EE8751E4-6F47-FD0D-66B4-AED9416D1C99}.Release|Any CPU.ActiveCfg = Release|Any CPU
		{EE8751E4-6F47-FD0D-66B4-AED9416D1C99}.Release|Any CPU.Build.0 = Release|Any CPU
		{736AE089-336B-9354-5539-CE42560F30FE}.Debug|Any CPU.ActiveCfg = Debug|Any CPU
		{736AE089-336B-9354-5539-CE42560F30FE}.Debug|Any CPU.Build.0 = Debug|Any CPU
		{736AE089-336B-9354-5539-CE42560F30FE}.Release|Any CPU.ActiveCfg = Release|Any CPU
		{736AE089-336B-9354-5539-CE42560F30FE}.Release|Any CPU.Build.0 = Release|Any CPU
		{8D3B5694-EF25-D364-1279-9E3DF21D21DE}.Debug|Any CPU.ActiveCfg = Debug|Any CPU
		{8D3B5694-EF25-D364-1279-9E3DF21D21DE}.Debug|Any CPU.Build.0 = Debug|Any CPU
		{8D3B5694-EF25-D364-1279-9E3DF21D21DE}.Release|Any CPU.ActiveCfg = Release|Any CPU
		{8D3B5694-EF25-D364-1279-9E3DF21D21DE}.Release|Any CPU.Build.0 = Release|Any CPU
		{AFB074B9-3802-7FB5-C26C-E10E44539BEE}.Debug|Any CPU.ActiveCfg = Debug|Any CPU
		{AFB074B9-3802-7FB5-C26C-E10E44539BEE}.Debug|Any CPU.Build.0 = Debug|Any CPU
		{AFB074B9-3802-7FB5-C26C-E10E44539BEE}.Release|Any CPU.ActiveCfg = Release|Any CPU
		{AFB074B9-3802-7FB5-C26C-E10E44539BEE}.Release|Any CPU.Build.0 = Release|Any CPU
		{9A4DE16B-FCA8-65B5-6E44-C374029F8A0B}.Debug|Any CPU.ActiveCfg = Debug|Any CPU
		{9A4DE16B-FCA8-65B5-6E44-C374029F8A0B}.Debug|Any CPU.Build.0 = Debug|Any CPU
		{9A4DE16B-FCA8-65B5-6E44-C374029F8A0B}.Release|Any CPU.ActiveCfg = Release|Any CPU
		{9A4DE16B-FCA8-65B5-6E44-C374029F8A0B}.Release|Any CPU.Build.0 = Release|Any CPU
		{74313FD2-F975-6359-4D6C-671B8C1AE7B0}.Debug|Any CPU.ActiveCfg = Debug|Any CPU
		{74313FD2-F975-6359-4D6C-671B8C1AE7B0}.Debug|Any CPU.Build.0 = Debug|Any CPU
		{74313FD2-F975-6359-4D6C-671B8C1AE7B0}.Release|Any CPU.ActiveCfg = Release|Any CPU
		{74313FD2-F975-6359-4D6C-671B8C1AE7B0}.Release|Any CPU.Build.0 = Release|Any CPU
		{D635FD5A-9518-1021-D249-DBCD39A6B414}.Debug|Any CPU.ActiveCfg = Debug|Any CPU
		{D635FD5A-9518-1021-D249-DBCD39A6B414}.Debug|Any CPU.Build.0 = Debug|Any CPU
		{D635FD5A-9518-1021-D249-DBCD39A6B414}.Release|Any CPU.ActiveCfg = Release|Any CPU
		{D635FD5A-9518-1021-D249-DBCD39A6B414}.Release|Any CPU.Build.0 = Release|Any CPU
		{0C7B3FEA-F59B-2E1C-9026-A04896C8E744}.Debug|Any CPU.ActiveCfg = Debug|Any CPU
		{0C7B3FEA-F59B-2E1C-9026-A04896C8E744}.Debug|Any CPU.Build.0 = Debug|Any CPU
		{0C7B3FEA-F59B-2E1C-9026-A04896C8E744}.Release|Any CPU.ActiveCfg = Release|Any CPU
		{0C7B3FEA-F59B-2E1C-9026-A04896C8E744}.Release|Any CPU.Build.0 = Release|Any CPU
		{CE65DAD6-17DF-EA7D-8CD0-643653900703}.Debug|Any CPU.ActiveCfg = Debug|Any CPU
		{CE65DAD6-17DF-EA7D-8CD0-643653900703}.Debug|Any CPU.Build.0 = Debug|Any CPU
		{CE65DAD6-17DF-EA7D-8CD0-643653900703}.Release|Any CPU.ActiveCfg = Release|Any CPU
		{CE65DAD6-17DF-EA7D-8CD0-643653900703}.Release|Any CPU.Build.0 = Release|Any CPU
		{AE798DD5-1DA9-6FA0-BF59-18DBF82C5655}.Debug|Any CPU.ActiveCfg = Debug|Any CPU
		{AE798DD5-1DA9-6FA0-BF59-18DBF82C5655}.Debug|Any CPU.Build.0 = Debug|Any CPU
		{AE798DD5-1DA9-6FA0-BF59-18DBF82C5655}.Release|Any CPU.ActiveCfg = Release|Any CPU
		{AE798DD5-1DA9-6FA0-BF59-18DBF82C5655}.Release|Any CPU.Build.0 = Release|Any CPU
		{18739418-ADD3-DF6C-F39B-404E397D4582}.Debug|Any CPU.ActiveCfg = Debug|Any CPU
		{18739418-ADD3-DF6C-F39B-404E397D4582}.Debug|Any CPU.Build.0 = Debug|Any CPU
		{18739418-ADD3-DF6C-F39B-404E397D4582}.Release|Any CPU.ActiveCfg = Release|Any CPU
		{18739418-ADD3-DF6C-F39B-404E397D4582}.Release|Any CPU.Build.0 = Release|Any CPU
		{08D4B320-2D62-1428-4847-DF4755301606}.Debug|Any CPU.ActiveCfg = Debug|Any CPU
		{08D4B320-2D62-1428-4847-DF4755301606}.Debug|Any CPU.Build.0 = Debug|Any CPU
		{08D4B320-2D62-1428-4847-DF4755301606}.Release|Any CPU.ActiveCfg = Release|Any CPU
		{08D4B320-2D62-1428-4847-DF4755301606}.Release|Any CPU.Build.0 = Release|Any CPU
		{A645E217-F162-F28F-793F-A6F5D20C53E8}.Debug|Any CPU.ActiveCfg = Debug|Any CPU
		{A645E217-F162-F28F-793F-A6F5D20C53E8}.Debug|Any CPU.Build.0 = Debug|Any CPU
		{A645E217-F162-F28F-793F-A6F5D20C53E8}.Release|Any CPU.ActiveCfg = Release|Any CPU
		{A645E217-F162-F28F-793F-A6F5D20C53E8}.Release|Any CPU.Build.0 = Release|Any CPU
		{71DD9712-0C11-E62E-E595-90C28CEEB917}.Debug|Any CPU.ActiveCfg = Debug|Any CPU
		{71DD9712-0C11-E62E-E595-90C28CEEB917}.Debug|Any CPU.Build.0 = Debug|Any CPU
		{71DD9712-0C11-E62E-E595-90C28CEEB917}.Release|Any CPU.ActiveCfg = Release|Any CPU
		{71DD9712-0C11-E62E-E595-90C28CEEB917}.Release|Any CPU.Build.0 = Release|Any CPU
		{77F32B5A-43A6-79D7-AA0E-0C160C3B4FF7}.Debug|Any CPU.ActiveCfg = Debug|Any CPU
		{77F32B5A-43A6-79D7-AA0E-0C160C3B4FF7}.Debug|Any CPU.Build.0 = Debug|Any CPU
		{77F32B5A-43A6-79D7-AA0E-0C160C3B4FF7}.Release|Any CPU.ActiveCfg = Release|Any CPU
		{77F32B5A-43A6-79D7-AA0E-0C160C3B4FF7}.Release|Any CPU.Build.0 = Release|Any CPU
		{2B120175-7A1A-8A6A-B584-89A59EB50451}.Debug|Any CPU.ActiveCfg = Debug|Any CPU
		{2B120175-7A1A-8A6A-B584-89A59EB50451}.Debug|Any CPU.Build.0 = Debug|Any CPU
		{2B120175-7A1A-8A6A-B584-89A59EB50451}.Release|Any CPU.ActiveCfg = Release|Any CPU
		{2B120175-7A1A-8A6A-B584-89A59EB50451}.Release|Any CPU.Build.0 = Release|Any CPU
		{128396E6-E329-32AD-0205-01AC35DBA033}.Debug|Any CPU.ActiveCfg = Debug|Any CPU
		{128396E6-E329-32AD-0205-01AC35DBA033}.Debug|Any CPU.Build.0 = Debug|Any CPU
		{128396E6-E329-32AD-0205-01AC35DBA033}.Release|Any CPU.ActiveCfg = Release|Any CPU
		{128396E6-E329-32AD-0205-01AC35DBA033}.Release|Any CPU.Build.0 = Release|Any CPU
		{C1AA174E-96D3-D84D-01DD-50FD33CFC1F9}.Debug|Any CPU.ActiveCfg = Debug|Any CPU
		{C1AA174E-96D3-D84D-01DD-50FD33CFC1F9}.Debug|Any CPU.Build.0 = Debug|Any CPU
		{C1AA174E-96D3-D84D-01DD-50FD33CFC1F9}.Release|Any CPU.ActiveCfg = Release|Any CPU
		{C1AA174E-96D3-D84D-01DD-50FD33CFC1F9}.Release|Any CPU.Build.0 = Release|Any CPU
		{9EF6CDF5-B482-0566-5A9C-CA49673441F0}.Debug|Any CPU.ActiveCfg = Debug|Any CPU
		{9EF6CDF5-B482-0566-5A9C-CA49673441F0}.Debug|Any CPU.Build.0 = Debug|Any CPU
		{9EF6CDF5-B482-0566-5A9C-CA49673441F0}.Release|Any CPU.ActiveCfg = Release|Any CPU
		{9EF6CDF5-B482-0566-5A9C-CA49673441F0}.Release|Any CPU.Build.0 = Release|Any CPU
	EndGlobalSection
	GlobalSection(SolutionProperties) = preSolution
		HideSolutionNode = FALSE
	EndGlobalSection
EndGlobal
