
Microsoft Visual Studio Solution File, Format Version 11.00
# Visual Studio 2010
Project("{FAE04EC0-301F-11D3-BF4B-00C04F79EFBC}") = "Assembly-CSharp", "Assembly-CSharp.csproj", "{5534F299-3ACB-3749-923D-78D33C82F366}"
EndProject
Project("{FAE04EC0-301F-11D3-BF4B-00C04F79EFBC}") = "Oculus.Interaction", "Oculus.Interaction.csproj", "{DDFA62F4-5C5E-FB29-6B71-FA287ADDBC06}"
EndProject
Project("{FAE04EC0-301F-11D3-BF4B-00C04F79EFBC}") = "Oculus.VR", "Oculus.VR.csproj", "{9D9FDB8C-B6A4-86D4-05A8-A85EB3240495}"
EndProject
Project("{FAE04EC0-301F-11D3-BF4B-00C04F79EFBC}") = "Oculus.Spatializer", "Oculus.Spatializer.csproj", "{C0E3C380-3611-5BC0-02AC-B019DBF5C5B6}"
EndProject
Project("{FAE04EC0-301F-11D3-BF4B-00C04F79EFBC}") = "Facebook.WitAI", "Facebook.WitAI.csproj", "{9F3DA31E-27CE-8EA8-0202-8A44E66CBA02}"
EndProject
Project("{FAE04EC0-301F-11D3-BF4B-00C04F79EFBC}") = "AssistantCoreSDKRuntime", "AssistantCoreSDKRuntime.csproj", "{22D6F3CC-E3FD-8936-2614-2C2ADFE61FBA}"
EndProject
Project("{FAE04EC0-301F-11D3-BF4B-00C04F79EFBC}") = "Oculus.Platform", "Oculus.Platform.csproj", "{5253BEFF-F2BB-373D-99F0-AB47EBB38236}"
EndProject
Project("{FAE04EC0-301F-11D3-BF4B-00C04F79EFBC}") = "Runtime", "Runtime.csproj", "{69760E7E-71FB-80CA-FA67-E74B98D2DBA7}"
EndProject
Project("{FAE04EC0-301F-11D3-BF4B-00C04F79EFBC}") = "Oculus.Interaction.Samples", "Oculus.Interaction.Samples.csproj", "{EDCC65BC-E73D-9594-BC5B-3F50E5BCA71A}"
EndProject
Project("{FAE04EC0-301F-11D3-BF4B-00C04F79EFBC}") = "AllIn1VfxAssmebly", "AllIn1VfxAssmebly.csproj", "{A092B8A7-B2BA-E50A-C62F-F23AEAF0CA38}"
EndProject
Project("{FAE04EC0-301F-11D3-BF4B-00C04F79EFBC}") = "Oculus.LipSync", "Oculus.LipSync.csproj", "{CEAD3135-9A85-7C2D-4790-B792230E86B2}"
EndProject
Project("{FAE04EC0-301F-11D3-BF4B-00C04F79EFBC}") = "Oculus.AudioManager", "Oculus.AudioManager.csproj", "{5220DAC0-D128-70F8-4F15-21FEEC1B2CA7}"
EndProject
Project("{FAE04EC0-301F-11D3-BF4B-00C04F79EFBC}") = "AllIn1VfxDemoScriptAssemblies", "AllIn1VfxDemoScriptAssemblies.csproj", "{CB3CC08C-88C8-3464-2EAE-95B72E250153}"
EndProject
Project("{FAE04EC0-301F-11D3-BF4B-00C04F79EFBC}") = "VoiceSDK.Runtime", "VoiceSDK.Runtime.csproj", "{BCE12739-A7F1-3B97-5077-3440E2091CAA}"
EndProject
Project("{FAE04EC0-301F-11D3-BF4B-00C04F79EFBC}") = "AllIn1VfxTexDemoAssembly", "AllIn1VfxTexDemoAssembly.csproj", "{588D7F51-BE02-8594-7961-5CC61F098E0A}"
EndProject
Project("{FAE04EC0-301F-11D3-BF4B-00C04F79EFBC}") = "VoiceSDK.Editor", "VoiceSDK.Editor.csproj", "{6F344A82-1B20-B797-D147-8A68D845931D}"
EndProject
Project("{FAE04EC0-301F-11D3-BF4B-00C04F79EFBC}") = "Oculus.AudioManager.Audio.Editor", "Oculus.AudioManager.Audio.Editor.csproj", "{164AB9A9-F857-6234-71C0-29A340EFE350}"
EndProject
Project("{FAE04EC0-301F-11D3-BF4B-00C04F79EFBC}") = "Oculus.Interaction.Editor", "Oculus.Interaction.Editor.csproj", "{88DCFE58-CF80-8D39-1126-75DF9CCA7651}"
EndProject
Project("{FAE04EC0-301F-11D3-BF4B-00C04F79EFBC}") = "Oculus.VR.Scripts.Editor", "Oculus.VR.Scripts.Editor.csproj", "{57328CC7-0C36-0F7F-402F-8B9284BE539B}"
EndProject
Project("{FAE04EC0-301F-11D3-BF4B-00C04F79EFBC}") = "Oculus.VR.Editor", "Oculus.VR.Editor.csproj", "{250C67EB-465F-E1D7-F2B6-6F74B40152C2}"
EndProject
Project("{FAE04EC0-301F-11D3-BF4B-00C04F79EFBC}") = "AssistantCoreSDKEditor", "AssistantCoreSDKEditor.csproj", "{6778F020-3AB9-C2DC-CF2E-AD9C970361BE}"
EndProject
Project("{FAE04EC0-301F-11D3-BF4B-00C04F79EFBC}") = "Facebook.Wit.Editor", "Facebook.Wit.Editor.csproj", "{FFC8E10F-9D3B-1DEC-8303-2D525686ABA8}"
EndProject
Project("{FAE04EC0-301F-11D3-BF4B-00C04F79EFBC}") = "Oculus.Spatializer.Editor", "Oculus.Spatializer.Editor.csproj", "{46611A56-7289-9EAF-193A-1F25BA9A5A11}"
EndProject
Project("{FAE04EC0-301F-11D3-BF4B-00C04F79EFBC}") = "Oculus.Platform.Editor", "Oculus.Platform.Editor.csproj", "{81E5CB78-75FD-32A2-BF16-B5D75099424C}"
EndProject
Project("{FAE04EC0-301F-11D3-BF4B-00C04F79EFBC}") = "Oculus.LipSync.Editor", "Oculus.LipSync.Editor.csproj", "{6915CBB2-B487-7703-41F6-233E858B3FAA}"
EndProject
Project("{FAE04EC0-301F-11D3-BF4B-00C04F79EFBC}") = "Oculus.Interaction.InterfaceSupport", "Oculus.Interaction.InterfaceSupport.csproj", "{4F9D4F43-FD70-EB52-F9FB-ECE0C353C2D1}"
EndProject
Project("{FAE04EC0-301F-11D3-BF4B-00C04F79EFBC}") = "Oculus.AudioManager.Utils.Editor", "Oculus.AudioManager.Utils.Editor.csproj", "{3DF71DA0-C800-A3DA-CAFB-F23BFE93C36D}"
EndProject
Project("{FAE04EC0-301F-11D3-BF4B-00C04F79EFBC}") = "Assembly-CSharp-Editor", "Assembly-CSharp-Editor.csproj", "{AB0D3454-5524-F622-A5E3-50B90DB4173D}"
EndProject
Global
	GlobalSection(SolutionConfigurationPlatforms) = preSolution
		Debug|Any CPU = Debug|Any CPU
		Release|Any CPU = Release|Any CPU
	EndGlobalSection
	GlobalSection(ProjectConfigurationPlatforms) = postSolution
		{5534F299-3ACB-3749-923D-78D33C82F366}.Debug|Any CPU.ActiveCfg = Debug|Any CPU
		{5534F299-3ACB-3749-923D-78D33C82F366}.Debug|Any CPU.Build.0 = Debug|Any CPU
		{5534F299-3ACB-3749-923D-78D33C82F366}.Release|Any CPU.ActiveCfg = Release|Any CPU
		{5534F299-3ACB-3749-923D-78D33C82F366}.Release|Any CPU.Build.0 = Release|Any CPU
		{DDFA62F4-5C5E-FB29-6B71-FA287ADDBC06}.Debug|Any CPU.ActiveCfg = Debug|Any CPU
		{DDFA62F4-5C5E-FB29-6B71-FA287ADDBC06}.Debug|Any CPU.Build.0 = Debug|Any CPU
		{DDFA62F4-5C5E-FB29-6B71-FA287ADDBC06}.Release|Any CPU.ActiveCfg = Release|Any CPU
		{DDFA62F4-5C5E-FB29-6B71-FA287ADDBC06}.Release|Any CPU.Build.0 = Release|Any CPU
		{9D9FDB8C-B6A4-86D4-05A8-A85EB3240495}.Debug|Any CPU.ActiveCfg = Debug|Any CPU
		{9D9FDB8C-B6A4-86D4-05A8-A85EB3240495}.Debug|Any CPU.Build.0 = Debug|Any CPU
		{9D9FDB8C-B6A4-86D4-05A8-A85EB3240495}.Release|Any CPU.ActiveCfg = Release|Any CPU
		{9D9FDB8C-B6A4-86D4-05A8-A85EB3240495}.Release|Any CPU.Build.0 = Release|Any CPU
		{C0E3C380-3611-5BC0-02AC-B019DBF5C5B6}.Debug|Any CPU.ActiveCfg = Debug|Any CPU
		{C0E3C380-3611-5BC0-02AC-B019DBF5C5B6}.Debug|Any CPU.Build.0 = Debug|Any CPU
		{C0E3C380-3611-5BC0-02AC-B019DBF5C5B6}.Release|Any CPU.ActiveCfg = Release|Any CPU
		{C0E3C380-3611-5BC0-02AC-B019DBF5C5B6}.Release|Any CPU.Build.0 = Release|Any CPU
		{9F3DA31E-27CE-8EA8-0202-8A44E66CBA02}.Debug|Any CPU.ActiveCfg = Debug|Any CPU
		{9F3DA31E-27CE-8EA8-0202-8A44E66CBA02}.Debug|Any CPU.Build.0 = Debug|Any CPU
		{9F3DA31E-27CE-8EA8-0202-8A44E66CBA02}.Release|Any CPU.ActiveCfg = Release|Any CPU
		{9F3DA31E-27CE-8EA8-0202-8A44E66CBA02}.Release|Any CPU.Build.0 = Release|Any CPU
		{22D6F3CC-E3FD-8936-2614-2C2ADFE61FBA}.Debug|Any CPU.ActiveCfg = Debug|Any CPU
		{22D6F3CC-E3FD-8936-2614-2C2ADFE61FBA}.Debug|Any CPU.Build.0 = Debug|Any CPU
		{22D6F3CC-E3FD-8936-2614-2C2ADFE61FBA}.Release|Any CPU.ActiveCfg = Release|Any CPU
		{22D6F3CC-E3FD-8936-2614-2C2ADFE61FBA}.Release|Any CPU.Build.0 = Release|Any CPU
		{5253BEFF-F2BB-373D-99F0-AB47EBB38236}.Debug|Any CPU.ActiveCfg = Debug|Any CPU
		{5253BEFF-F2BB-373D-99F0-AB47EBB38236}.Debug|Any CPU.Build.0 = Debug|Any CPU
		{5253BEFF-F2BB-373D-99F0-AB47EBB38236}.Release|Any CPU.ActiveCfg = Release|Any CPU
		{5253BEFF-F2BB-373D-99F0-AB47EBB38236}.Release|Any CPU.Build.0 = Release|Any CPU
		{69760E7E-71FB-80CA-FA67-E74B98D2DBA7}.Debug|Any CPU.ActiveCfg = Debug|Any CPU
		{69760E7E-71FB-80CA-FA67-E74B98D2DBA7}.Debug|Any CPU.Build.0 = Debug|Any CPU
		{69760E7E-71FB-80CA-FA67-E74B98D2DBA7}.Release|Any CPU.ActiveCfg = Release|Any CPU
		{69760E7E-71FB-80CA-FA67-E74B98D2DBA7}.Release|Any CPU.Build.0 = Release|Any CPU
		{EDCC65BC-E73D-9594-BC5B-3F50E5BCA71A}.Debug|Any CPU.ActiveCfg = Debug|Any CPU
		{EDCC65BC-E73D-9594-BC5B-3F50E5BCA71A}.Debug|Any CPU.Build.0 = Debug|Any CPU
		{EDCC65BC-E73D-9594-BC5B-3F50E5BCA71A}.Release|Any CPU.ActiveCfg = Release|Any CPU
		{EDCC65BC-E73D-9594-BC5B-3F50E5BCA71A}.Release|Any CPU.Build.0 = Release|Any CPU
		{A092B8A7-B2BA-E50A-C62F-F23AEAF0CA38}.Debug|Any CPU.ActiveCfg = Debug|Any CPU
		{A092B8A7-B2BA-E50A-C62F-F23AEAF0CA38}.Debug|Any CPU.Build.0 = Debug|Any CPU
		{A092B8A7-B2BA-E50A-C62F-F23AEAF0CA38}.Release|Any CPU.ActiveCfg = Release|Any CPU
		{A092B8A7-B2BA-E50A-C62F-F23AEAF0CA38}.Release|Any CPU.Build.0 = Release|Any CPU
		{CEAD3135-9A85-7C2D-4790-B792230E86B2}.Debug|Any CPU.ActiveCfg = Debug|Any CPU
		{CEAD3135-9A85-7C2D-4790-B792230E86B2}.Debug|Any CPU.Build.0 = Debug|Any CPU
		{CEAD3135-9A85-7C2D-4790-B792230E86B2}.Release|Any CPU.ActiveCfg = Release|Any CPU
		{CEAD3135-9A85-7C2D-4790-B792230E86B2}.Release|Any CPU.Build.0 = Release|Any CPU
		{5220DAC0-D128-70F8-4F15-21FEEC1B2CA7}.Debug|Any CPU.ActiveCfg = Debug|Any CPU
		{5220DAC0-D128-70F8-4F15-21FEEC1B2CA7}.Debug|Any CPU.Build.0 = Debug|Any CPU
		{5220DAC0-D128-70F8-4F15-21FEEC1B2CA7}.Release|Any CPU.ActiveCfg = Release|Any CPU
		{5220DAC0-D128-70F8-4F15-21FEEC1B2CA7}.Release|Any CPU.Build.0 = Release|Any CPU
		{CB3CC08C-88C8-3464-2EAE-95B72E250153}.Debug|Any CPU.ActiveCfg = Debug|Any CPU
		{CB3CC08C-88C8-3464-2EAE-95B72E250153}.Debug|Any CPU.Build.0 = Debug|Any CPU
		{CB3CC08C-88C8-3464-2EAE-95B72E250153}.Release|Any CPU.ActiveCfg = Release|Any CPU
		{CB3CC08C-88C8-3464-2EAE-95B72E250153}.Release|Any CPU.Build.0 = Release|Any CPU
		{BCE12739-A7F1-3B97-5077-3440E2091CAA}.Debug|Any CPU.ActiveCfg = Debug|Any CPU
		{BCE12739-A7F1-3B97-5077-3440E2091CAA}.Debug|Any CPU.Build.0 = Debug|Any CPU
		{BCE12739-A7F1-3B97-5077-3440E2091CAA}.Release|Any CPU.ActiveCfg = Release|Any CPU
		{BCE12739-A7F1-3B97-5077-3440E2091CAA}.Release|Any CPU.Build.0 = Release|Any CPU
		{588D7F51-BE02-8594-7961-5CC61F098E0A}.Debug|Any CPU.ActiveCfg = Debug|Any CPU
		{588D7F51-BE02-8594-7961-5CC61F098E0A}.Debug|Any CPU.Build.0 = Debug|Any CPU
		{588D7F51-BE02-8594-7961-5CC61F098E0A}.Release|Any CPU.ActiveCfg = Release|Any CPU
		{588D7F51-BE02-8594-7961-5CC61F098E0A}.Release|Any CPU.Build.0 = Release|Any CPU
		{6F344A82-1B20-B797-D147-8A68D845931D}.Debug|Any CPU.ActiveCfg = Debug|Any CPU
		{6F344A82-1B20-B797-D147-8A68D845931D}.Debug|Any CPU.Build.0 = Debug|Any CPU
		{6F344A82-1B20-B797-D147-8A68D845931D}.Release|Any CPU.ActiveCfg = Release|Any CPU
		{6F344A82-1B20-B797-D147-8A68D845931D}.Release|Any CPU.Build.0 = Release|Any CPU
		{164AB9A9-F857-6234-71C0-29A340EFE350}.Debug|Any CPU.ActiveCfg = Debug|Any CPU
		{164AB9A9-F857-6234-71C0-29A340EFE350}.Debug|Any CPU.Build.0 = Debug|Any CPU
		{164AB9A9-F857-6234-71C0-29A340EFE350}.Release|Any CPU.ActiveCfg = Release|Any CPU
		{164AB9A9-F857-6234-71C0-29A340EFE350}.Release|Any CPU.Build.0 = Release|Any CPU
		{88DCFE58-CF80-8D39-1126-75DF9CCA7651}.Debug|Any CPU.ActiveCfg = Debug|Any CPU
		{88DCFE58-CF80-8D39-1126-75DF9CCA7651}.Debug|Any CPU.Build.0 = Debug|Any CPU
		{88DCFE58-CF80-8D39-1126-75DF9CCA7651}.Release|Any CPU.ActiveCfg = Release|Any CPU
		{88DCFE58-CF80-8D39-1126-75DF9CCA7651}.Release|Any CPU.Build.0 = Release|Any CPU
		{57328CC7-0C36-0F7F-402F-8B9284BE539B}.Debug|Any CPU.ActiveCfg = Debug|Any CPU
		{57328CC7-0C36-0F7F-402F-8B9284BE539B}.Debug|Any CPU.Build.0 = Debug|Any CPU
		{57328CC7-0C36-0F7F-402F-8B9284BE539B}.Release|Any CPU.ActiveCfg = Release|Any CPU
		{57328CC7-0C36-0F7F-402F-8B9284BE539B}.Release|Any CPU.Build.0 = Release|Any CPU
		{250C67EB-465F-E1D7-F2B6-6F74B40152C2}.Debug|Any CPU.ActiveCfg = Debug|Any CPU
		{250C67EB-465F-E1D7-F2B6-6F74B40152C2}.Debug|Any CPU.Build.0 = Debug|Any CPU
		{250C67EB-465F-E1D7-F2B6-6F74B40152C2}.Release|Any CPU.ActiveCfg = Release|Any CPU
		{250C67EB-465F-E1D7-F2B6-6F74B40152C2}.Release|Any CPU.Build.0 = Release|Any CPU
		{6778F020-3AB9-C2DC-CF2E-AD9C970361BE}.Debug|Any CPU.ActiveCfg = Debug|Any CPU
		{6778F020-3AB9-C2DC-CF2E-AD9C970361BE}.Debug|Any CPU.Build.0 = Debug|Any CPU
		{6778F020-3AB9-C2DC-CF2E-AD9C970361BE}.Release|Any CPU.ActiveCfg = Release|Any CPU
		{6778F020-3AB9-C2DC-CF2E-AD9C970361BE}.Release|Any CPU.Build.0 = Release|Any CPU
		{FFC8E10F-9D3B-1DEC-8303-2D525686ABA8}.Debug|Any CPU.ActiveCfg = Debug|Any CPU
		{FFC8E10F-9D3B-1DEC-8303-2D525686ABA8}.Debug|Any CPU.Build.0 = Debug|Any CPU
		{FFC8E10F-9D3B-1DEC-8303-2D525686ABA8}.Release|Any CPU.ActiveCfg = Release|Any CPU
		{FFC8E10F-9D3B-1DEC-8303-2D525686ABA8}.Release|Any CPU.Build.0 = Release|Any CPU
		{46611A56-7289-9EAF-193A-1F25BA9A5A11}.Debug|Any CPU.ActiveCfg = Debug|Any CPU
		{46611A56-7289-9EAF-193A-1F25BA9A5A11}.Debug|Any CPU.Build.0 = Debug|Any CPU
		{46611A56-7289-9EAF-193A-1F25BA9A5A11}.Release|Any CPU.ActiveCfg = Release|Any CPU
		{46611A56-7289-9EAF-193A-1F25BA9A5A11}.Release|Any CPU.Build.0 = Release|Any CPU
		{81E5CB78-75FD-32A2-BF16-B5D75099424C}.Debug|Any CPU.ActiveCfg = Debug|Any CPU
		{81E5CB78-75FD-32A2-BF16-B5D75099424C}.Debug|Any CPU.Build.0 = Debug|Any CPU
		{81E5CB78-75FD-32A2-BF16-B5D75099424C}.Release|Any CPU.ActiveCfg = Release|Any CPU
		{81E5CB78-75FD-32A2-BF16-B5D75099424C}.Release|Any CPU.Build.0 = Release|Any CPU
		{6915CBB2-B487-7703-41F6-233E858B3FAA}.Debug|Any CPU.ActiveCfg = Debug|Any CPU
		{6915CBB2-B487-7703-41F6-233E858B3FAA}.Debug|Any CPU.Build.0 = Debug|Any CPU
		{6915CBB2-B487-7703-41F6-233E858B3FAA}.Release|Any CPU.ActiveCfg = Release|Any CPU
		{6915CBB2-B487-7703-41F6-233E858B3FAA}.Release|Any CPU.Build.0 = Release|Any CPU
		{4F9D4F43-FD70-EB52-F9FB-ECE0C353C2D1}.Debug|Any CPU.ActiveCfg = Debug|Any CPU
		{4F9D4F43-FD70-EB52-F9FB-ECE0C353C2D1}.Debug|Any CPU.Build.0 = Debug|Any CPU
		{4F9D4F43-FD70-EB52-F9FB-ECE0C353C2D1}.Release|Any CPU.ActiveCfg = Release|Any CPU
		{4F9D4F43-FD70-EB52-F9FB-ECE0C353C2D1}.Release|Any CPU.Build.0 = Release|Any CPU
		{3DF71DA0-C800-A3DA-CAFB-F23BFE93C36D}.Debug|Any CPU.ActiveCfg = Debug|Any CPU
		{3DF71DA0-C800-A3DA-CAFB-F23BFE93C36D}.Debug|Any CPU.Build.0 = Debug|Any CPU
		{3DF71DA0-C800-A3DA-CAFB-F23BFE93C36D}.Release|Any CPU.ActiveCfg = Release|Any CPU
		{3DF71DA0-C800-A3DA-CAFB-F23BFE93C36D}.Release|Any CPU.Build.0 = Release|Any CPU
		{AB0D3454-5524-F622-A5E3-50B90DB4173D}.Debug|Any CPU.ActiveCfg = Debug|Any CPU
		{AB0D3454-5524-F622-A5E3-50B90DB4173D}.Debug|Any CPU.Build.0 = Debug|Any CPU
		{AB0D3454-5524-F622-A5E3-50B90DB4173D}.Release|Any CPU.ActiveCfg = Release|Any CPU
		{AB0D3454-5524-F622-A5E3-50B90DB4173D}.Release|Any CPU.Build.0 = Release|Any CPU
	EndGlobalSection
	GlobalSection(SolutionProperties) = preSolution
		HideSolutionNode = FALSE
	EndGlobalSection
EndGlobal
