
Microsoft Visual Studio Solution File, Format Version 12.00
# Visual Studio 15
Project("{FAE04EC0-301F-11D3-BF4B-00C04F79EFBC}") = "Assembly-CSharp", "Assembly-CSharp.csproj", "{257CCA40-A8B4-3591-73DC-7F6C48CE2697}"
EndProject
Project("{FAE04EC0-301F-11D3-BF4B-00C04F79EFBC}") = "Oculus.Interaction", "Oculus.Interaction.csproj", "{FBFAD501-16A1-05F5-8779-C12F8D2DD248}"
EndProject
Project("{FAE04EC0-301F-11D3-BF4B-00C04F79EFBC}") = "Oculus.VR", "Oculus.VR.csproj", "{0101E532-28CD-C03D-5505-5EA5A7C63F58}"
EndProject
Project("{FAE04EC0-301F-11D3-BF4B-00C04F79EFBC}") = "Oculus.Spatializer", "Oculus.Spatializer.csproj", "{266565BC-6BBC-B3EE-839C-A2AD508A7AC2}"
EndProject
Project("{FAE04EC0-301F-11D3-BF4B-00C04F79EFBC}") = "Facebook.WitAI", "Facebook.WitAI.csproj", "{58AB6747-0FEA-603F-E581-7535B718C4A2}"
EndProject
Project("{FAE04EC0-301F-11D3-BF4B-00C04F79EFBC}") = "AssistantCoreSDKRuntime", "AssistantCoreSDKRuntime.csproj", "{6A5103F2-BD07-257C-6812-4E6C507000B2}"
EndProject
Project("{FAE04EC0-301F-11D3-BF4B-00C04F79EFBC}") = "Oculus.Platform", "Oculus.Platform.csproj", "{B00E6065-ED79-D975-6B88-E2F59C358553}"
EndProject
Project("{FAE04EC0-301F-11D3-BF4B-00C04F79EFBC}") = "Runtime", "Runtime.csproj", "{53B60EEA-649F-8C88-BF20-1AD15BA307C2}"
EndProject
Project("{FAE04EC0-301F-11D3-BF4B-00C04F79EFBC}") = "Oculus.Interaction.Samples", "Oculus.Interaction.Samples.csproj", "{2FC62EB0-9DE0-F358-C4D8-E4E82CBD70CC}"
EndProject
Project("{FAE04EC0-301F-11D3-BF4B-00C04F79EFBC}") = "AllIn1VfxAssmebly", "AllIn1VfxAssmebly.csproj", "{56C2010A-A032-2DD1-FD00-259FF545B9D3}"
EndProject
Project("{FAE04EC0-301F-11D3-BF4B-00C04F79EFBC}") = "Oculus.LipSync", "Oculus.LipSync.csproj", "{213AAE8D-0512-B15F-0D2D-0D0A453D027A}"
EndProject
Project("{FAE04EC0-301F-11D3-BF4B-00C04F79EFBC}") = "Oculus.AudioManager", "Oculus.AudioManager.csproj", "{17DCE971-D4C6-B649-D139-4FCDD41AB533}"
EndProject
Project("{FAE04EC0-301F-11D3-BF4B-00C04F79EFBC}") = "AllIn1VfxDemoScriptAssemblies", "AllIn1VfxDemoScriptAssemblies.csproj", "{29DCC257-D5E3-6B4F-AE92-867B2119B5F3}"
EndProject
Project("{FAE04EC0-301F-11D3-BF4B-00C04F79EFBC}") = "VoiceSDK.Runtime", "VoiceSDK.Runtime.csproj", "{2C508BAF-1653-CF0A-0723-82ED91695FE3}"
EndProject
Project("{FAE04EC0-301F-11D3-BF4B-00C04F79EFBC}") = "AllIn1VfxTexDemoAssembly", "AllIn1VfxTexDemoAssembly.csproj", "{14FD0962-E1FF-CEBF-31DF-9A6F32101668}"
EndProject
Project("{FAE04EC0-301F-11D3-BF4B-00C04F79EFBC}") = "VoiceSDK.Editor", "VoiceSDK.Editor.csproj", "{E86E8F4F-FC3B-F692-9691-38896F8003A5}"
EndProject
Project("{FAE04EC0-301F-11D3-BF4B-00C04F79EFBC}") = "Oculus.AudioManager.Audio.Editor", "Oculus.AudioManager.Audio.Editor.csproj", "{A8AC3158-145D-D08A-F740-85D1E7470370}"
EndProject
Project("{FAE04EC0-301F-11D3-BF4B-00C04F79EFBC}") = "Oculus.Interaction.Editor", "Oculus.Interaction.Editor.csproj", "{F694FCCC-E3D7-90EA-142D-DFBEB6E2F5FE}"
EndProject
Project("{FAE04EC0-301F-11D3-BF4B-00C04F79EFBC}") = "Oculus.VR.Scripts.Editor", "Oculus.VR.Scripts.Editor.csproj", "{A5C86C81-F934-DF7D-E994-799A638E65A7}"
EndProject
Project("{FAE04EC0-301F-11D3-BF4B-00C04F79EFBC}") = "Oculus.VR.Editor", "Oculus.VR.Editor.csproj", "{03118F71-EE68-AE8C-5A6B-C90BBC4A8327}"
EndProject
Project("{FAE04EC0-301F-11D3-BF4B-00C04F79EFBC}") = "AssistantCoreSDKEditor", "AssistantCoreSDKEditor.csproj", "{F5A012EF-4927-ADFA-5F91-003182C7522F}"
EndProject
Project("{FAE04EC0-301F-11D3-BF4B-00C04F79EFBC}") = "Facebook.Wit.Editor", "Facebook.Wit.Editor.csproj", "{27CFF52E-9186-A244-9CDA-55230FD66C9A}"
EndProject
Project("{FAE04EC0-301F-11D3-BF4B-00C04F79EFBC}") = "Oculus.Spatializer.Editor", "Oculus.Spatializer.Editor.csproj", "{7A341EDD-893E-3CF6-9C2C-9D500C47EB08}"
EndProject
Project("{FAE04EC0-301F-11D3-BF4B-00C04F79EFBC}") = "Oculus.Platform.Editor", "Oculus.Platform.Editor.csproj", "{3A4B52CA-5A96-3778-DA34-CABECE4ACD1B}"
EndProject
Project("{FAE04EC0-301F-11D3-BF4B-00C04F79EFBC}") = "Oculus.LipSync.Editor", "Oculus.LipSync.Editor.csproj", "{EC0CAFA6-F4C6-D879-72AA-917A501F245D}"
EndProject
Project("{FAE04EC0-301F-11D3-BF4B-00C04F79EFBC}") = "Oculus.Interaction.InterfaceSupport", "Oculus.Interaction.InterfaceSupport.csproj", "{38F33245-E540-9B55-40B4-2CA1B187B751}"
EndProject
Project("{FAE04EC0-301F-11D3-BF4B-00C04F79EFBC}") = "Oculus.AudioManager.Utils.Editor", "Oculus.AudioManager.Utils.Editor.csproj", "{E453311F-EED4-6509-AF5B-002C4BF93B47}"
EndProject
Project("{FAE04EC0-301F-11D3-BF4B-00C04F79EFBC}") = "Assembly-CSharp-Editor", "Assembly-CSharp-Editor.csproj", "{24882E8E-EB40-7402-F4F8-DE126F982F9C}"
EndProject
Global
	GlobalSection(SolutionConfigurationPlatforms) = preSolution
		Debug|Any CPU = Debug|Any CPU
		Release|Any CPU = Release|Any CPU
	EndGlobalSection
	GlobalSection(ProjectConfigurationPlatforms) = postSolution
		{257CCA40-A8B4-3591-73DC-7F6C48CE2697}.Debug|Any CPU.ActiveCfg = Debug|Any CPU
		{257CCA40-A8B4-3591-73DC-7F6C48CE2697}.Debug|Any CPU.Build.0 = Debug|Any CPU
		{257CCA40-A8B4-3591-73DC-7F6C48CE2697}.Release|Any CPU.ActiveCfg = Release|Any CPU
		{257CCA40-A8B4-3591-73DC-7F6C48CE2697}.Release|Any CPU.Build.0 = Release|Any CPU
		{FBFAD501-16A1-05F5-8779-C12F8D2DD248}.Debug|Any CPU.ActiveCfg = Debug|Any CPU
		{FBFAD501-16A1-05F5-8779-C12F8D2DD248}.Debug|Any CPU.Build.0 = Debug|Any CPU
		{FBFAD501-16A1-05F5-8779-C12F8D2DD248}.Release|Any CPU.ActiveCfg = Release|Any CPU
		{FBFAD501-16A1-05F5-8779-C12F8D2DD248}.Release|Any CPU.Build.0 = Release|Any CPU
		{0101E532-28CD-C03D-5505-5EA5A7C63F58}.Debug|Any CPU.ActiveCfg = Debug|Any CPU
		{0101E532-28CD-C03D-5505-5EA5A7C63F58}.Debug|Any CPU.Build.0 = Debug|Any CPU
		{0101E532-28CD-C03D-5505-5EA5A7C63F58}.Release|Any CPU.ActiveCfg = Release|Any CPU
		{0101E532-28CD-C03D-5505-5EA5A7C63F58}.Release|Any CPU.Build.0 = Release|Any CPU
		{266565BC-6BBC-B3EE-839C-A2AD508A7AC2}.Debug|Any CPU.ActiveCfg = Debug|Any CPU
		{266565BC-6BBC-B3EE-839C-A2AD508A7AC2}.Debug|Any CPU.Build.0 = Debug|Any CPU
		{266565BC-6BBC-B3EE-839C-A2AD508A7AC2}.Release|Any CPU.ActiveCfg = Release|Any CPU
		{266565BC-6BBC-B3EE-839C-A2AD508A7AC2}.Release|Any CPU.Build.0 = Release|Any CPU
		{58AB6747-0FEA-603F-E581-7535B718C4A2}.Debug|Any CPU.ActiveCfg = Debug|Any CPU
		{58AB6747-0FEA-603F-E581-7535B718C4A2}.Debug|Any CPU.Build.0 = Debug|Any CPU
		{58AB6747-0FEA-603F-E581-7535B718C4A2}.Release|Any CPU.ActiveCfg = Release|Any CPU
		{58AB6747-0FEA-603F-E581-7535B718C4A2}.Release|Any CPU.Build.0 = Release|Any CPU
		{6A5103F2-BD07-257C-6812-4E6C507000B2}.Debug|Any CPU.ActiveCfg = Debug|Any CPU
		{6A5103F2-BD07-257C-6812-4E6C507000B2}.Debug|Any CPU.Build.0 = Debug|Any CPU
		{6A5103F2-BD07-257C-6812-4E6C507000B2}.Release|Any CPU.ActiveCfg = Release|Any CPU
		{6A5103F2-BD07-257C-6812-4E6C507000B2}.Release|Any CPU.Build.0 = Release|Any CPU
		{B00E6065-ED79-D975-6B88-E2F59C358553}.Debug|Any CPU.ActiveCfg = Debug|Any CPU
		{B00E6065-ED79-D975-6B88-E2F59C358553}.Debug|Any CPU.Build.0 = Debug|Any CPU
		{B00E6065-ED79-D975-6B88-E2F59C358553}.Release|Any CPU.ActiveCfg = Release|Any CPU
		{B00E6065-ED79-D975-6B88-E2F59C358553}.Release|Any CPU.Build.0 = Release|Any CPU
		{53B60EEA-649F-8C88-BF20-1AD15BA307C2}.Debug|Any CPU.ActiveCfg = Debug|Any CPU
		{53B60EEA-649F-8C88-BF20-1AD15BA307C2}.Debug|Any CPU.Build.0 = Debug|Any CPU
		{53B60EEA-649F-8C88-BF20-1AD15BA307C2}.Release|Any CPU.ActiveCfg = Release|Any CPU
		{53B60EEA-649F-8C88-BF20-1AD15BA307C2}.Release|Any CPU.Build.0 = Release|Any CPU
		{2FC62EB0-9DE0-F358-C4D8-E4E82CBD70CC}.Debug|Any CPU.ActiveCfg = Debug|Any CPU
		{2FC62EB0-9DE0-F358-C4D8-E4E82CBD70CC}.Debug|Any CPU.Build.0 = Debug|Any CPU
		{2FC62EB0-9DE0-F358-C4D8-E4E82CBD70CC}.Release|Any CPU.ActiveCfg = Release|Any CPU
		{2FC62EB0-9DE0-F358-C4D8-E4E82CBD70CC}.Release|Any CPU.Build.0 = Release|Any CPU
		{56C2010A-A032-2DD1-FD00-259FF545B9D3}.Debug|Any CPU.ActiveCfg = Debug|Any CPU
		{56C2010A-A032-2DD1-FD00-259FF545B9D3}.Debug|Any CPU.Build.0 = Debug|Any CPU
		{56C2010A-A032-2DD1-FD00-259FF545B9D3}.Release|Any CPU.ActiveCfg = Release|Any CPU
		{56C2010A-A032-2DD1-FD00-259FF545B9D3}.Release|Any CPU.Build.0 = Release|Any CPU
		{213AAE8D-0512-B15F-0D2D-0D0A453D027A}.Debug|Any CPU.ActiveCfg = Debug|Any CPU
		{213AAE8D-0512-B15F-0D2D-0D0A453D027A}.Debug|Any CPU.Build.0 = Debug|Any CPU
		{213AAE8D-0512-B15F-0D2D-0D0A453D027A}.Release|Any CPU.ActiveCfg = Release|Any CPU
		{213AAE8D-0512-B15F-0D2D-0D0A453D027A}.Release|Any CPU.Build.0 = Release|Any CPU
		{17DCE971-D4C6-B649-D139-4FCDD41AB533}.Debug|Any CPU.ActiveCfg = Debug|Any CPU
		{17DCE971-D4C6-B649-D139-4FCDD41AB533}.Debug|Any CPU.Build.0 = Debug|Any CPU
		{17DCE971-D4C6-B649-D139-4FCDD41AB533}.Release|Any CPU.ActiveCfg = Release|Any CPU
		{17DCE971-D4C6-B649-D139-4FCDD41AB533}.Release|Any CPU.Build.0 = Release|Any CPU
		{29DCC257-D5E3-6B4F-AE92-867B2119B5F3}.Debug|Any CPU.ActiveCfg = Debug|Any CPU
		{29DCC257-D5E3-6B4F-AE92-867B2119B5F3}.Debug|Any CPU.Build.0 = Debug|Any CPU
		{29DCC257-D5E3-6B4F-AE92-867B2119B5F3}.Release|Any CPU.ActiveCfg = Release|Any CPU
		{29DCC257-D5E3-6B4F-AE92-867B2119B5F3}.Release|Any CPU.Build.0 = Release|Any CPU
		{2C508BAF-1653-CF0A-0723-82ED91695FE3}.Debug|Any CPU.ActiveCfg = Debug|Any CPU
		{2C508BAF-1653-CF0A-0723-82ED91695FE3}.Debug|Any CPU.Build.0 = Debug|Any CPU
		{2C508BAF-1653-CF0A-0723-82ED91695FE3}.Release|Any CPU.ActiveCfg = Release|Any CPU
		{2C508BAF-1653-CF0A-0723-82ED91695FE3}.Release|Any CPU.Build.0 = Release|Any CPU
		{14FD0962-E1FF-CEBF-31DF-9A6F32101668}.Debug|Any CPU.ActiveCfg = Debug|Any CPU
		{14FD0962-E1FF-CEBF-31DF-9A6F32101668}.Debug|Any CPU.Build.0 = Debug|Any CPU
		{14FD0962-E1FF-CEBF-31DF-9A6F32101668}.Release|Any CPU.ActiveCfg = Release|Any CPU
		{14FD0962-E1FF-CEBF-31DF-9A6F32101668}.Release|Any CPU.Build.0 = Release|Any CPU
		{E86E8F4F-FC3B-F692-9691-38896F8003A5}.Debug|Any CPU.ActiveCfg = Debug|Any CPU
		{E86E8F4F-FC3B-F692-9691-38896F8003A5}.Debug|Any CPU.Build.0 = Debug|Any CPU
		{E86E8F4F-FC3B-F692-9691-38896F8003A5}.Release|Any CPU.ActiveCfg = Release|Any CPU
		{E86E8F4F-FC3B-F692-9691-38896F8003A5}.Release|Any CPU.Build.0 = Release|Any CPU
		{A8AC3158-145D-D08A-F740-85D1E7470370}.Debug|Any CPU.ActiveCfg = Debug|Any CPU
		{A8AC3158-145D-D08A-F740-85D1E7470370}.Debug|Any CPU.Build.0 = Debug|Any CPU
		{A8AC3158-145D-D08A-F740-85D1E7470370}.Release|Any CPU.ActiveCfg = Release|Any CPU
		{A8AC3158-145D-D08A-F740-85D1E7470370}.Release|Any CPU.Build.0 = Release|Any CPU
		{F694FCCC-E3D7-90EA-142D-DFBEB6E2F5FE}.Debug|Any CPU.ActiveCfg = Debug|Any CPU
		{F694FCCC-E3D7-90EA-142D-DFBEB6E2F5FE}.Debug|Any CPU.Build.0 = Debug|Any CPU
		{F694FCCC-E3D7-90EA-142D-DFBEB6E2F5FE}.Release|Any CPU.ActiveCfg = Release|Any CPU
		{F694FCCC-E3D7-90EA-142D-DFBEB6E2F5FE}.Release|Any CPU.Build.0 = Release|Any CPU
		{A5C86C81-F934-DF7D-E994-799A638E65A7}.Debug|Any CPU.ActiveCfg = Debug|Any CPU
		{A5C86C81-F934-DF7D-E994-799A638E65A7}.Debug|Any CPU.Build.0 = Debug|Any CPU
		{A5C86C81-F934-DF7D-E994-799A638E65A7}.Release|Any CPU.ActiveCfg = Release|Any CPU
		{A5C86C81-F934-DF7D-E994-799A638E65A7}.Release|Any CPU.Build.0 = Release|Any CPU
		{03118F71-EE68-AE8C-5A6B-C90BBC4A8327}.Debug|Any CPU.ActiveCfg = Debug|Any CPU
		{03118F71-EE68-AE8C-5A6B-C90BBC4A8327}.Debug|Any CPU.Build.0 = Debug|Any CPU
		{03118F71-EE68-AE8C-5A6B-C90BBC4A8327}.Release|Any CPU.ActiveCfg = Release|Any CPU
		{03118F71-EE68-AE8C-5A6B-C90BBC4A8327}.Release|Any CPU.Build.0 = Release|Any CPU
		{F5A012EF-4927-ADFA-5F91-003182C7522F}.Debug|Any CPU.ActiveCfg = Debug|Any CPU
		{F5A012EF-4927-ADFA-5F91-003182C7522F}.Debug|Any CPU.Build.0 = Debug|Any CPU
		{F5A012EF-4927-ADFA-5F91-003182C7522F}.Release|Any CPU.ActiveCfg = Release|Any CPU
		{F5A012EF-4927-ADFA-5F91-003182C7522F}.Release|Any CPU.Build.0 = Release|Any CPU
		{27CFF52E-9186-A244-9CDA-55230FD66C9A}.Debug|Any CPU.ActiveCfg = Debug|Any CPU
		{27CFF52E-9186-A244-9CDA-55230FD66C9A}.Debug|Any CPU.Build.0 = Debug|Any CPU
		{27CFF52E-9186-A244-9CDA-55230FD66C9A}.Release|Any CPU.ActiveCfg = Release|Any CPU
		{27CFF52E-9186-A244-9CDA-55230FD66C9A}.Release|Any CPU.Build.0 = Release|Any CPU
		{7A341EDD-893E-3CF6-9C2C-9D500C47EB08}.Debug|Any CPU.ActiveCfg = Debug|Any CPU
		{7A341EDD-893E-3CF6-9C2C-9D500C47EB08}.Debug|Any CPU.Build.0 = Debug|Any CPU
		{7A341EDD-893E-3CF6-9C2C-9D500C47EB08}.Release|Any CPU.ActiveCfg = Release|Any CPU
		{7A341EDD-893E-3CF6-9C2C-9D500C47EB08}.Release|Any CPU.Build.0 = Release|Any CPU
		{3A4B52CA-5A96-3778-DA34-CABECE4ACD1B}.Debug|Any CPU.ActiveCfg = Debug|Any CPU
		{3A4B52CA-5A96-3778-DA34-CABECE4ACD1B}.Debug|Any CPU.Build.0 = Debug|Any CPU
		{3A4B52CA-5A96-3778-DA34-CABECE4ACD1B}.Release|Any CPU.ActiveCfg = Release|Any CPU
		{3A4B52CA-5A96-3778-DA34-CABECE4ACD1B}.Release|Any CPU.Build.0 = Release|Any CPU
		{EC0CAFA6-F4C6-D879-72AA-917A501F245D}.Debug|Any CPU.ActiveCfg = Debug|Any CPU
		{EC0CAFA6-F4C6-D879-72AA-917A501F245D}.Debug|Any CPU.Build.0 = Debug|Any CPU
		{EC0CAFA6-F4C6-D879-72AA-917A501F245D}.Release|Any CPU.ActiveCfg = Release|Any CPU
		{EC0CAFA6-F4C6-D879-72AA-917A501F245D}.Release|Any CPU.Build.0 = Release|Any CPU
		{38F33245-E540-9B55-40B4-2CA1B187B751}.Debug|Any CPU.ActiveCfg = Debug|Any CPU
		{38F33245-E540-9B55-40B4-2CA1B187B751}.Debug|Any CPU.Build.0 = Debug|Any CPU
		{38F33245-E540-9B55-40B4-2CA1B187B751}.Release|Any CPU.ActiveCfg = Release|Any CPU
		{38F33245-E540-9B55-40B4-2CA1B187B751}.Release|Any CPU.Build.0 = Release|Any CPU
		{E453311F-EED4-6509-AF5B-002C4BF93B47}.Debug|Any CPU.ActiveCfg = Debug|Any CPU
		{E453311F-EED4-6509-AF5B-002C4BF93B47}.Debug|Any CPU.Build.0 = Debug|Any CPU
		{E453311F-EED4-6509-AF5B-002C4BF93B47}.Release|Any CPU.ActiveCfg = Release|Any CPU
		{E453311F-EED4-6509-AF5B-002C4BF93B47}.Release|Any CPU.Build.0 = Release|Any CPU
		{24882E8E-EB40-7402-F4F8-DE126F982F9C}.Debug|Any CPU.ActiveCfg = Debug|Any CPU
		{24882E8E-EB40-7402-F4F8-DE126F982F9C}.Debug|Any CPU.Build.0 = Debug|Any CPU
		{24882E8E-EB40-7402-F4F8-DE126F982F9C}.Release|Any CPU.ActiveCfg = Release|Any CPU
		{24882E8E-EB40-7402-F4F8-DE126F982F9C}.Release|Any CPU.Build.0 = Release|Any CPU
	EndGlobalSection
	GlobalSection(SolutionProperties) = preSolution
		HideSolutionNode = FALSE
	EndGlobalSection
EndGlobal
