
Microsoft Visual Studio Solution File, Format Version 12.00
# Visual Studio 15
Project("{FAE04EC0-301F-11D3-BF4B-00C04F79EFBC}") = "Assembly-CSharp", "Assembly-CSharp.csproj", "{5358E5AE-002A-4000-84BD-10F5F559A7FC}"
EndProject
Project("{FAE04EC0-301F-11D3-BF4B-00C04F79EFBC}") = "Oculus.Interaction", "Oculus.Interaction.csproj", "{15C0BA37-51C4-2287-0FCE-6F62173F1CD0}"
EndProject
Project("{FAE04EC0-301F-11D3-BF4B-00C04F79EFBC}") = "Oculus.VR", "Oculus.VR.csproj", "{B1A988CD-FB2D-E00C-8E3C-5AFA233CE979}"
EndProject
Project("{FAE04EC0-301F-11D3-BF4B-00C04F79EFBC}") = "Oculus.Spatializer", "Oculus.Spatializer.csproj", "{CB88F4BC-593F-1A89-4638-73A912380A83}"
EndProject
Project("{FAE04EC0-301F-11D3-BF4B-00C04F79EFBC}") = "Facebook.WitAI", "Facebook.WitAI.csproj", "{E7084920-9BC0-0EE5-B5B2-411B3FA63830}"
EndProject
Project("{FAE04EC0-301F-11D3-BF4B-00C04F79EFBC}") = "AssistantCoreSDKRuntime", "AssistantCoreSDKRuntime.csproj", "{CB111E6C-8F05-32BE-1380-512F7C1E12BA}"
EndProject
Project("{FAE04EC0-301F-11D3-BF4B-00C04F79EFBC}") = "Oculus.Platform", "Oculus.Platform.csproj", "{092D0EE5-E7DC-56CC-BD18-81C06D58A92B}"
EndProject
Project("{FAE04EC0-301F-11D3-BF4B-00C04F79EFBC}") = "Runtime", "Runtime.csproj", "{ACDE913E-B5C9-DF66-0A23-DC054D83CF85}"
EndProject
Project("{FAE04EC0-301F-11D3-BF4B-00C04F79EFBC}") = "Oculus.Interaction.Samples", "Oculus.Interaction.Samples.csproj", "{5913B100-87DF-8E41-30B1-695BEB82E17F}"
EndProject
Project("{FAE04EC0-301F-11D3-BF4B-00C04F79EFBC}") = "AllIn1VfxAssmebly", "AllIn1VfxAssmebly.csproj", "{65C5BA01-48D9-A8A4-AB20-1CBD9FC53C5E}"
EndProject
Project("{FAE04EC0-301F-11D3-BF4B-00C04F79EFBC}") = "Oculus.LipSync", "Oculus.LipSync.csproj", "{3C7BD92D-9D15-E1D9-FE8B-B9553ABFFB95}"
EndProject
Project("{FAE04EC0-301F-11D3-BF4B-00C04F79EFBC}") = "Oculus.AudioManager", "Oculus.AudioManager.csproj", "{B5E0D2EB-1CFF-084C-9523-F618275C303E}"
EndProject
Project("{FAE04EC0-301F-11D3-BF4B-00C04F79EFBC}") = "AllIn1VfxDemoScriptAssemblies", "AllIn1VfxDemoScriptAssemblies.csproj", "{546CAE37-38A0-7153-3493-24D82FA6A648}"
EndProject
Project("{FAE04EC0-301F-11D3-BF4B-00C04F79EFBC}") = "VoiceSDK.Runtime", "VoiceSDK.Runtime.csproj", "{48A708B2-D2AD-940F-952C-B13688D6D85E}"
EndProject
Project("{FAE04EC0-301F-11D3-BF4B-00C04F79EFBC}") = "AllIn1VfxTexDemoAssembly", "AllIn1VfxTexDemoAssembly.csproj", "{43CD2295-3286-4A1D-5835-BB8D3FD1AB24}"
EndProject
Project("{FAE04EC0-301F-11D3-BF4B-00C04F79EFBC}") = "VoiceSDK.Editor", "VoiceSDK.Editor.csproj", "{D33D902B-778F-F19B-F901-3BDD2268CEF4}"
EndProject
Project("{FAE04EC0-301F-11D3-BF4B-00C04F79EFBC}") = "Oculus.AudioManager.Audio.Editor", "Oculus.AudioManager.Audio.Editor.csproj", "{231A11F3-346E-F4AD-B337-B9F1DAB18D45}"
EndProject
Project("{FAE04EC0-301F-11D3-BF4B-00C04F79EFBC}") = "Oculus.Interaction.Editor", "Oculus.Interaction.Editor.csproj", "{5D691A28-38DD-1349-B002-8C42872FDAB0}"
EndProject
Project("{FAE04EC0-301F-11D3-BF4B-00C04F79EFBC}") = "Oculus.VR.Scripts.Editor", "Oculus.VR.Scripts.Editor.csproj", "{8EB08F87-8895-C56D-AB45-C9A9C49BA364}"
EndProject
Project("{FAE04EC0-301F-11D3-BF4B-00C04F79EFBC}") = "Oculus.VR.Editor", "Oculus.VR.Editor.csproj", "{298BA872-0B7D-6D30-03A8-1A4B1C95F815}"
EndProject
Project("{FAE04EC0-301F-11D3-BF4B-00C04F79EFBC}") = "AssistantCoreSDKEditor", "AssistantCoreSDKEditor.csproj", "{D5DBEBC5-9874-CC57-E895-44ED826E4A1E}"
EndProject
Project("{FAE04EC0-301F-11D3-BF4B-00C04F79EFBC}") = "Facebook.Wit.Editor", "Facebook.Wit.Editor.csproj", "{9ECC3B23-57BD-7D75-B490-57C350F52E4C}"
EndProject
Project("{FAE04EC0-301F-11D3-BF4B-00C04F79EFBC}") = "Oculus.Spatializer.Editor", "Oculus.Spatializer.Editor.csproj", "{CB079CD8-810B-A0A4-731C-D08F4F898987}"
EndProject
Project("{FAE04EC0-301F-11D3-BF4B-00C04F79EFBC}") = "Oculus.Platform.Editor", "Oculus.Platform.Editor.csproj", "{B558A013-1C6E-A334-FB49-E30EE912F0D3}"
EndProject
Project("{FAE04EC0-301F-11D3-BF4B-00C04F79EFBC}") = "Oculus.LipSync.Editor", "Oculus.LipSync.Editor.csproj", "{176E1A4E-CB81-68AD-247C-88730FB50CB2}"
EndProject
Project("{FAE04EC0-301F-11D3-BF4B-00C04F79EFBC}") = "Oculus.Interaction.InterfaceSupport", "Oculus.Interaction.InterfaceSupport.csproj", "{543E9C18-6DA2-63EB-B5CA-AC898976F428}"
EndProject
Project("{FAE04EC0-301F-11D3-BF4B-00C04F79EFBC}") = "Oculus.AudioManager.Utils.Editor", "Oculus.AudioManager.Utils.Editor.csproj", "{1F211F0A-C16B-9E21-1B7C-6C7ADCE57BDC}"
EndProject
Project("{FAE04EC0-301F-11D3-BF4B-00C04F79EFBC}") = "Assembly-CSharp-Editor", "Assembly-CSharp-Editor.csproj", "{A6176297-AB7A-04BD-FC45-4ADE073522E0}"
EndProject
Global
	GlobalSection(SolutionConfigurationPlatforms) = preSolution
		Debug|Any CPU = Debug|Any CPU
		Release|Any CPU = Release|Any CPU
	EndGlobalSection
	GlobalSection(ProjectConfigurationPlatforms) = postSolution
		{5358E5AE-002A-4000-84BD-10F5F559A7FC}.Debug|Any CPU.ActiveCfg = Debug|Any CPU
		{5358E5AE-002A-4000-84BD-10F5F559A7FC}.Debug|Any CPU.Build.0 = Debug|Any CPU
		{5358E5AE-002A-4000-84BD-10F5F559A7FC}.Release|Any CPU.ActiveCfg = Release|Any CPU
		{5358E5AE-002A-4000-84BD-10F5F559A7FC}.Release|Any CPU.Build.0 = Release|Any CPU
		{15C0BA37-51C4-2287-0FCE-6F62173F1CD0}.Debug|Any CPU.ActiveCfg = Debug|Any CPU
		{15C0BA37-51C4-2287-0FCE-6F62173F1CD0}.Debug|Any CPU.Build.0 = Debug|Any CPU
		{15C0BA37-51C4-2287-0FCE-6F62173F1CD0}.Release|Any CPU.ActiveCfg = Release|Any CPU
		{15C0BA37-51C4-2287-0FCE-6F62173F1CD0}.Release|Any CPU.Build.0 = Release|Any CPU
		{B1A988CD-FB2D-E00C-8E3C-5AFA233CE979}.Debug|Any CPU.ActiveCfg = Debug|Any CPU
		{B1A988CD-FB2D-E00C-8E3C-5AFA233CE979}.Debug|Any CPU.Build.0 = Debug|Any CPU
		{B1A988CD-FB2D-E00C-8E3C-5AFA233CE979}.Release|Any CPU.ActiveCfg = Release|Any CPU
		{B1A988CD-FB2D-E00C-8E3C-5AFA233CE979}.Release|Any CPU.Build.0 = Release|Any CPU
		{CB88F4BC-593F-1A89-4638-73A912380A83}.Debug|Any CPU.ActiveCfg = Debug|Any CPU
		{CB88F4BC-593F-1A89-4638-73A912380A83}.Debug|Any CPU.Build.0 = Debug|Any CPU
		{CB88F4BC-593F-1A89-4638-73A912380A83}.Release|Any CPU.ActiveCfg = Release|Any CPU
		{CB88F4BC-593F-1A89-4638-73A912380A83}.Release|Any CPU.Build.0 = Release|Any CPU
		{E7084920-9BC0-0EE5-B5B2-411B3FA63830}.Debug|Any CPU.ActiveCfg = Debug|Any CPU
		{E7084920-9BC0-0EE5-B5B2-411B3FA63830}.Debug|Any CPU.Build.0 = Debug|Any CPU
		{E7084920-9BC0-0EE5-B5B2-411B3FA63830}.Release|Any CPU.ActiveCfg = Release|Any CPU
		{E7084920-9BC0-0EE5-B5B2-411B3FA63830}.Release|Any CPU.Build.0 = Release|Any CPU
		{CB111E6C-8F05-32BE-1380-512F7C1E12BA}.Debug|Any CPU.ActiveCfg = Debug|Any CPU
		{CB111E6C-8F05-32BE-1380-512F7C1E12BA}.Debug|Any CPU.Build.0 = Debug|Any CPU
		{CB111E6C-8F05-32BE-1380-512F7C1E12BA}.Release|Any CPU.ActiveCfg = Release|Any CPU
		{CB111E6C-8F05-32BE-1380-512F7C1E12BA}.Release|Any CPU.Build.0 = Release|Any CPU
		{092D0EE5-E7DC-56CC-BD18-81C06D58A92B}.Debug|Any CPU.ActiveCfg = Debug|Any CPU
		{092D0EE5-E7DC-56CC-BD18-81C06D58A92B}.Debug|Any CPU.Build.0 = Debug|Any CPU
		{092D0EE5-E7DC-56CC-BD18-81C06D58A92B}.Release|Any CPU.ActiveCfg = Release|Any CPU
		{092D0EE5-E7DC-56CC-BD18-81C06D58A92B}.Release|Any CPU.Build.0 = Release|Any CPU
		{ACDE913E-B5C9-DF66-0A23-DC054D83CF85}.Debug|Any CPU.ActiveCfg = Debug|Any CPU
		{ACDE913E-B5C9-DF66-0A23-DC054D83CF85}.Debug|Any CPU.Build.0 = Debug|Any CPU
		{ACDE913E-B5C9-DF66-0A23-DC054D83CF85}.Release|Any CPU.ActiveCfg = Release|Any CPU
		{ACDE913E-B5C9-DF66-0A23-DC054D83CF85}.Release|Any CPU.Build.0 = Release|Any CPU
		{5913B100-87DF-8E41-30B1-695BEB82E17F}.Debug|Any CPU.ActiveCfg = Debug|Any CPU
		{5913B100-87DF-8E41-30B1-695BEB82E17F}.Debug|Any CPU.Build.0 = Debug|Any CPU
		{5913B100-87DF-8E41-30B1-695BEB82E17F}.Release|Any CPU.ActiveCfg = Release|Any CPU
		{5913B100-87DF-8E41-30B1-695BEB82E17F}.Release|Any CPU.Build.0 = Release|Any CPU
		{65C5BA01-48D9-A8A4-AB20-1CBD9FC53C5E}.Debug|Any CPU.ActiveCfg = Debug|Any CPU
		{65C5BA01-48D9-A8A4-AB20-1CBD9FC53C5E}.Debug|Any CPU.Build.0 = Debug|Any CPU
		{65C5BA01-48D9-A8A4-AB20-1CBD9FC53C5E}.Release|Any CPU.ActiveCfg = Release|Any CPU
		{65C5BA01-48D9-A8A4-AB20-1CBD9FC53C5E}.Release|Any CPU.Build.0 = Release|Any CPU
		{3C7BD92D-9D15-E1D9-FE8B-B9553ABFFB95}.Debug|Any CPU.ActiveCfg = Debug|Any CPU
		{3C7BD92D-9D15-E1D9-FE8B-B9553ABFFB95}.Debug|Any CPU.Build.0 = Debug|Any CPU
		{3C7BD92D-9D15-E1D9-FE8B-B9553ABFFB95}.Release|Any CPU.ActiveCfg = Release|Any CPU
		{3C7BD92D-9D15-E1D9-FE8B-B9553ABFFB95}.Release|Any CPU.Build.0 = Release|Any CPU
		{B5E0D2EB-1CFF-084C-9523-F618275C303E}.Debug|Any CPU.ActiveCfg = Debug|Any CPU
		{B5E0D2EB-1CFF-084C-9523-F618275C303E}.Debug|Any CPU.Build.0 = Debug|Any CPU
		{B5E0D2EB-1CFF-084C-9523-F618275C303E}.Release|Any CPU.ActiveCfg = Release|Any CPU
		{B5E0D2EB-1CFF-084C-9523-F618275C303E}.Release|Any CPU.Build.0 = Release|Any CPU
		{546CAE37-38A0-7153-3493-24D82FA6A648}.Debug|Any CPU.ActiveCfg = Debug|Any CPU
		{546CAE37-38A0-7153-3493-24D82FA6A648}.Debug|Any CPU.Build.0 = Debug|Any CPU
		{546CAE37-38A0-7153-3493-24D82FA6A648}.Release|Any CPU.ActiveCfg = Release|Any CPU
		{546CAE37-38A0-7153-3493-24D82FA6A648}.Release|Any CPU.Build.0 = Release|Any CPU
		{48A708B2-D2AD-940F-952C-B13688D6D85E}.Debug|Any CPU.ActiveCfg = Debug|Any CPU
		{48A708B2-D2AD-940F-952C-B13688D6D85E}.Debug|Any CPU.Build.0 = Debug|Any CPU
		{48A708B2-D2AD-940F-952C-B13688D6D85E}.Release|Any CPU.ActiveCfg = Release|Any CPU
		{48A708B2-D2AD-940F-952C-B13688D6D85E}.Release|Any CPU.Build.0 = Release|Any CPU
		{43CD2295-3286-4A1D-5835-BB8D3FD1AB24}.Debug|Any CPU.ActiveCfg = Debug|Any CPU
		{43CD2295-3286-4A1D-5835-BB8D3FD1AB24}.Debug|Any CPU.Build.0 = Debug|Any CPU
		{43CD2295-3286-4A1D-5835-BB8D3FD1AB24}.Release|Any CPU.ActiveCfg = Release|Any CPU
		{43CD2295-3286-4A1D-5835-BB8D3FD1AB24}.Release|Any CPU.Build.0 = Release|Any CPU
		{D33D902B-778F-F19B-F901-3BDD2268CEF4}.Debug|Any CPU.ActiveCfg = Debug|Any CPU
		{D33D902B-778F-F19B-F901-3BDD2268CEF4}.Debug|Any CPU.Build.0 = Debug|Any CPU
		{D33D902B-778F-F19B-F901-3BDD2268CEF4}.Release|Any CPU.ActiveCfg = Release|Any CPU
		{D33D902B-778F-F19B-F901-3BDD2268CEF4}.Release|Any CPU.Build.0 = Release|Any CPU
		{231A11F3-346E-F4AD-B337-B9F1DAB18D45}.Debug|Any CPU.ActiveCfg = Debug|Any CPU
		{231A11F3-346E-F4AD-B337-B9F1DAB18D45}.Debug|Any CPU.Build.0 = Debug|Any CPU
		{231A11F3-346E-F4AD-B337-B9F1DAB18D45}.Release|Any CPU.ActiveCfg = Release|Any CPU
		{231A11F3-346E-F4AD-B337-B9F1DAB18D45}.Release|Any CPU.Build.0 = Release|Any CPU
		{5D691A28-38DD-1349-B002-8C42872FDAB0}.Debug|Any CPU.ActiveCfg = Debug|Any CPU
		{5D691A28-38DD-1349-B002-8C42872FDAB0}.Debug|Any CPU.Build.0 = Debug|Any CPU
		{5D691A28-38DD-1349-B002-8C42872FDAB0}.Release|Any CPU.ActiveCfg = Release|Any CPU
		{5D691A28-38DD-1349-B002-8C42872FDAB0}.Release|Any CPU.Build.0 = Release|Any CPU
		{8EB08F87-8895-C56D-AB45-C9A9C49BA364}.Debug|Any CPU.ActiveCfg = Debug|Any CPU
		{8EB08F87-8895-C56D-AB45-C9A9C49BA364}.Debug|Any CPU.Build.0 = Debug|Any CPU
		{8EB08F87-8895-C56D-AB45-C9A9C49BA364}.Release|Any CPU.ActiveCfg = Release|Any CPU
		{8EB08F87-8895-C56D-AB45-C9A9C49BA364}.Release|Any CPU.Build.0 = Release|Any CPU
		{298BA872-0B7D-6D30-03A8-1A4B1C95F815}.Debug|Any CPU.ActiveCfg = Debug|Any CPU
		{298BA872-0B7D-6D30-03A8-1A4B1C95F815}.Debug|Any CPU.Build.0 = Debug|Any CPU
		{298BA872-0B7D-6D30-03A8-1A4B1C95F815}.Release|Any CPU.ActiveCfg = Release|Any CPU
		{298BA872-0B7D-6D30-03A8-1A4B1C95F815}.Release|Any CPU.Build.0 = Release|Any CPU
		{D5DBEBC5-9874-CC57-E895-44ED826E4A1E}.Debug|Any CPU.ActiveCfg = Debug|Any CPU
		{D5DBEBC5-9874-CC57-E895-44ED826E4A1E}.Debug|Any CPU.Build.0 = Debug|Any CPU
		{D5DBEBC5-9874-CC57-E895-44ED826E4A1E}.Release|Any CPU.ActiveCfg = Release|Any CPU
		{D5DBEBC5-9874-CC57-E895-44ED826E4A1E}.Release|Any CPU.Build.0 = Release|Any CPU
		{9ECC3B23-57BD-7D75-B490-57C350F52E4C}.Debug|Any CPU.ActiveCfg = Debug|Any CPU
		{9ECC3B23-57BD-7D75-B490-57C350F52E4C}.Debug|Any CPU.Build.0 = Debug|Any CPU
		{9ECC3B23-57BD-7D75-B490-57C350F52E4C}.Release|Any CPU.ActiveCfg = Release|Any CPU
		{9ECC3B23-57BD-7D75-B490-57C350F52E4C}.Release|Any CPU.Build.0 = Release|Any CPU
		{CB079CD8-810B-A0A4-731C-D08F4F898987}.Debug|Any CPU.ActiveCfg = Debug|Any CPU
		{CB079CD8-810B-A0A4-731C-D08F4F898987}.Debug|Any CPU.Build.0 = Debug|Any CPU
		{CB079CD8-810B-A0A4-731C-D08F4F898987}.Release|Any CPU.ActiveCfg = Release|Any CPU
		{CB079CD8-810B-A0A4-731C-D08F4F898987}.Release|Any CPU.Build.0 = Release|Any CPU
		{B558A013-1C6E-A334-FB49-E30EE912F0D3}.Debug|Any CPU.ActiveCfg = Debug|Any CPU
		{B558A013-1C6E-A334-FB49-E30EE912F0D3}.Debug|Any CPU.Build.0 = Debug|Any CPU
		{B558A013-1C6E-A334-FB49-E30EE912F0D3}.Release|Any CPU.ActiveCfg = Release|Any CPU
		{B558A013-1C6E-A334-FB49-E30EE912F0D3}.Release|Any CPU.Build.0 = Release|Any CPU
		{176E1A4E-CB81-68AD-247C-88730FB50CB2}.Debug|Any CPU.ActiveCfg = Debug|Any CPU
		{176E1A4E-CB81-68AD-247C-88730FB50CB2}.Debug|Any CPU.Build.0 = Debug|Any CPU
		{176E1A4E-CB81-68AD-247C-88730FB50CB2}.Release|Any CPU.ActiveCfg = Release|Any CPU
		{176E1A4E-CB81-68AD-247C-88730FB50CB2}.Release|Any CPU.Build.0 = Release|Any CPU
		{543E9C18-6DA2-63EB-B5CA-AC898976F428}.Debug|Any CPU.ActiveCfg = Debug|Any CPU
		{543E9C18-6DA2-63EB-B5CA-AC898976F428}.Debug|Any CPU.Build.0 = Debug|Any CPU
		{543E9C18-6DA2-63EB-B5CA-AC898976F428}.Release|Any CPU.ActiveCfg = Release|Any CPU
		{543E9C18-6DA2-63EB-B5CA-AC898976F428}.Release|Any CPU.Build.0 = Release|Any CPU
		{1F211F0A-C16B-9E21-1B7C-6C7ADCE57BDC}.Debug|Any CPU.ActiveCfg = Debug|Any CPU
		{1F211F0A-C16B-9E21-1B7C-6C7ADCE57BDC}.Debug|Any CPU.Build.0 = Debug|Any CPU
		{1F211F0A-C16B-9E21-1B7C-6C7ADCE57BDC}.Release|Any CPU.ActiveCfg = Release|Any CPU
		{1F211F0A-C16B-9E21-1B7C-6C7ADCE57BDC}.Release|Any CPU.Build.0 = Release|Any CPU
		{A6176297-AB7A-04BD-FC45-4ADE073522E0}.Debug|Any CPU.ActiveCfg = Debug|Any CPU
		{A6176297-AB7A-04BD-FC45-4ADE073522E0}.Debug|Any CPU.Build.0 = Debug|Any CPU
		{A6176297-AB7A-04BD-FC45-4ADE073522E0}.Release|Any CPU.ActiveCfg = Release|Any CPU
		{A6176297-AB7A-04BD-FC45-4ADE073522E0}.Release|Any CPU.Build.0 = Release|Any CPU
	EndGlobalSection
	GlobalSection(SolutionProperties) = preSolution
		HideSolutionNode = FALSE
	EndGlobalSection
EndGlobal
