
Microsoft Visual Studio Solution File, Format Version 12.00
# Visual Studio 15
Project("{FAE04EC0-301F-11D3-BF4B-00C04F79EFBC}") = "Assembly-CSharp", "Assembly-CSharp.csproj", "{4B958A3D-DB4E-9CD3-6615-B3FB418D4DF5}"
EndProject
Project("{FAE04EC0-301F-11D3-BF4B-00C04F79EFBC}") = "Oculus.Interaction", "Oculus.Interaction.csproj", "{6E40F5E9-4D9B-1EAC-0F93-6BF671C52078}"
EndProject
Project("{FAE04EC0-301F-11D3-BF4B-00C04F79EFBC}") = "Oculus.VR", "Oculus.VR.csproj", "{808CFC54-0694-D549-449A-562825F51091}"
EndProject
Project("{FAE04EC0-301F-11D3-BF4B-00C04F79EFBC}") = "Oculus.Spatializer", "Oculus.Spatializer.csproj", "{0EA0E787-2CAA-12BE-0BD1-3045FBD97891}"
EndProject
Project("{FAE04EC0-301F-11D3-BF4B-00C04F79EFBC}") = "Facebook.WitAI", "Facebook.WitAI.csproj", "{099F0F0E-D4F1-B73C-3DEC-E7A4A2CEC1CD}"
EndProject
Project("{FAE04EC0-301F-11D3-BF4B-00C04F79EFBC}") = "AssistantCoreSDKRuntime", "AssistantCoreSDKRuntime.csproj", "{AD51501E-EAFB-09B6-E19F-10AC6878ED38}"
EndProject
Project("{FAE04EC0-301F-11D3-BF4B-00C04F79EFBC}") = "Oculus.Platform", "Oculus.Platform.csproj", "{B8D319BD-1F3A-C658-F649-5A742702C7CC}"
EndProject
Project("{FAE04EC0-301F-11D3-BF4B-00C04F79EFBC}") = "Runtime", "Runtime.csproj", "{A8991D65-D9C0-E0EC-7A53-BF0FBA8FFF6B}"
EndProject
Project("{FAE04EC0-301F-11D3-BF4B-00C04F79EFBC}") = "Oculus.Interaction.Samples", "Oculus.Interaction.Samples.csproj", "{023E430F-9205-B6B9-1277-69FE5B4F4185}"
EndProject
Project("{FAE04EC0-301F-11D3-BF4B-00C04F79EFBC}") = "AllIn1VfxAssmebly", "AllIn1VfxAssmebly.csproj", "{C6169E09-6AA1-ACA9-09F9-34C74D54156E}"
EndProject
Project("{FAE04EC0-301F-11D3-BF4B-00C04F79EFBC}") = "Oculus.LipSync", "Oculus.LipSync.csproj", "{D4140E60-6C0C-1A31-83AE-1AA9BEAF03F1}"
EndProject
Project("{FAE04EC0-301F-11D3-BF4B-00C04F79EFBC}") = "Oculus.AudioManager", "Oculus.AudioManager.csproj", "{0CBFCCCA-302C-16BC-7FB4-5F58BFD8D4D2}"
EndProject
Project("{FAE04EC0-301F-11D3-BF4B-00C04F79EFBC}") = "AllIn1VfxDemoScriptAssemblies", "AllIn1VfxDemoScriptAssemblies.csproj", "{1D7DB2B5-D1B6-8E1A-B490-C8FF10BE93A6}"
EndProject
Project("{FAE04EC0-301F-11D3-BF4B-00C04F79EFBC}") = "VoiceSDK.Runtime", "VoiceSDK.Runtime.csproj", "{2A009561-5287-E843-EC79-88729CB72726}"
EndProject
Project("{FAE04EC0-301F-11D3-BF4B-00C04F79EFBC}") = "AllIn1VfxTexDemoAssembly", "AllIn1VfxTexDemoAssembly.csproj", "{8F815DEE-E584-AA8F-CDBE-80DE8BC8111B}"
EndProject
Project("{FAE04EC0-301F-11D3-BF4B-00C04F79EFBC}") = "VoiceSDK.Editor", "VoiceSDK.Editor.csproj", "{4D13924E-DD01-6764-59EF-C4BC0CFA4BFC}"
EndProject
Project("{FAE04EC0-301F-11D3-BF4B-00C04F79EFBC}") = "Oculus.AudioManager.Audio.Editor", "Oculus.AudioManager.Audio.Editor.csproj", "{7E8C698F-3DD6-B0A6-972F-019D63908CB7}"
EndProject
Project("{FAE04EC0-301F-11D3-BF4B-00C04F79EFBC}") = "Oculus.Interaction.Editor", "Oculus.Interaction.Editor.csproj", "{2089C7B9-2ADC-B7F7-7210-35ECF102C3A3}"
EndProject
Project("{FAE04EC0-301F-11D3-BF4B-00C04F79EFBC}") = "Oculus.VR.Scripts.Editor", "Oculus.VR.Scripts.Editor.csproj", "{F724738F-37F5-2702-ABF3-B64B21C2B379}"
EndProject
Project("{FAE04EC0-301F-11D3-BF4B-00C04F79EFBC}") = "Oculus.VR.Editor", "Oculus.VR.Editor.csproj", "{00B3E1DE-6E0B-1E9A-59DA-12566011F6C7}"
EndProject
Project("{FAE04EC0-301F-11D3-BF4B-00C04F79EFBC}") = "AssistantCoreSDKEditor", "AssistantCoreSDKEditor.csproj", "{36955BB5-DCD0-5FDC-8C40-E047380C0CEE}"
EndProject
Project("{FAE04EC0-301F-11D3-BF4B-00C04F79EFBC}") = "Facebook.Wit.Editor", "Facebook.Wit.Editor.csproj", "{E396B6FA-7D7D-F794-9F78-89379CE001C7}"
EndProject
Project("{FAE04EC0-301F-11D3-BF4B-00C04F79EFBC}") = "Oculus.Spatializer.Editor", "Oculus.Spatializer.Editor.csproj", "{08EB1E10-65F7-D71B-AAC4-6E9C80EEA54D}"
EndProject
Project("{FAE04EC0-301F-11D3-BF4B-00C04F79EFBC}") = "Oculus.Platform.Editor", "Oculus.Platform.Editor.csproj", "{9A0B839A-1B54-0AE1-2545-4B038CC0DDE6}"
EndProject
Project("{FAE04EC0-301F-11D3-BF4B-00C04F79EFBC}") = "Oculus.LipSync.Editor", "Oculus.LipSync.Editor.csproj", "{9449695E-B24C-6C50-7D26-666C201A275B}"
EndProject
Project("{FAE04EC0-301F-11D3-BF4B-00C04F79EFBC}") = "Oculus.Interaction.InterfaceSupport", "Oculus.Interaction.InterfaceSupport.csproj", "{02F005F1-076D-515C-1960-BE10585D88D5}"
EndProject
Project("{FAE04EC0-301F-11D3-BF4B-00C04F79EFBC}") = "Oculus.AudioManager.Utils.Editor", "Oculus.AudioManager.Utils.Editor.csproj", "{D45A3594-6247-624E-C3CA-4544ED975DE8}"
EndProject
Project("{FAE04EC0-301F-11D3-BF4B-00C04F79EFBC}") = "Assembly-CSharp-Editor", "Assembly-CSharp-Editor.csproj", "{1CAEF521-BB5B-80DC-1552-81A3317053A7}"
EndProject
Global
	GlobalSection(SolutionConfigurationPlatforms) = preSolution
		Debug|Any CPU = Debug|Any CPU
		Release|Any CPU = Release|Any CPU
	EndGlobalSection
	GlobalSection(ProjectConfigurationPlatforms) = postSolution
		{4B958A3D-DB4E-9CD3-6615-B3FB418D4DF5}.Debug|Any CPU.ActiveCfg = Debug|Any CPU
		{4B958A3D-DB4E-9CD3-6615-B3FB418D4DF5}.Debug|Any CPU.Build.0 = Debug|Any CPU
		{4B958A3D-DB4E-9CD3-6615-B3FB418D4DF5}.Release|Any CPU.ActiveCfg = Release|Any CPU
		{4B958A3D-DB4E-9CD3-6615-B3FB418D4DF5}.Release|Any CPU.Build.0 = Release|Any CPU
		{6E40F5E9-4D9B-1EAC-0F93-6BF671C52078}.Debug|Any CPU.ActiveCfg = Debug|Any CPU
		{6E40F5E9-4D9B-1EAC-0F93-6BF671C52078}.Debug|Any CPU.Build.0 = Debug|Any CPU
		{6E40F5E9-4D9B-1EAC-0F93-6BF671C52078}.Release|Any CPU.ActiveCfg = Release|Any CPU
		{6E40F5E9-4D9B-1EAC-0F93-6BF671C52078}.Release|Any CPU.Build.0 = Release|Any CPU
		{808CFC54-0694-D549-449A-562825F51091}.Debug|Any CPU.ActiveCfg = Debug|Any CPU
		{808CFC54-0694-D549-449A-562825F51091}.Debug|Any CPU.Build.0 = Debug|Any CPU
		{808CFC54-0694-D549-449A-562825F51091}.Release|Any CPU.ActiveCfg = Release|Any CPU
		{808CFC54-0694-D549-449A-562825F51091}.Release|Any CPU.Build.0 = Release|Any CPU
		{0EA0E787-2CAA-12BE-0BD1-3045FBD97891}.Debug|Any CPU.ActiveCfg = Debug|Any CPU
		{0EA0E787-2CAA-12BE-0BD1-3045FBD97891}.Debug|Any CPU.Build.0 = Debug|Any CPU
		{0EA0E787-2CAA-12BE-0BD1-3045FBD97891}.Release|Any CPU.ActiveCfg = Release|Any CPU
		{0EA0E787-2CAA-12BE-0BD1-3045FBD97891}.Release|Any CPU.Build.0 = Release|Any CPU
		{099F0F0E-D4F1-B73C-3DEC-E7A4A2CEC1CD}.Debug|Any CPU.ActiveCfg = Debug|Any CPU
		{099F0F0E-D4F1-B73C-3DEC-E7A4A2CEC1CD}.Debug|Any CPU.Build.0 = Debug|Any CPU
		{099F0F0E-D4F1-B73C-3DEC-E7A4A2CEC1CD}.Release|Any CPU.ActiveCfg = Release|Any CPU
		{099F0F0E-D4F1-B73C-3DEC-E7A4A2CEC1CD}.Release|Any CPU.Build.0 = Release|Any CPU
		{AD51501E-EAFB-09B6-E19F-10AC6878ED38}.Debug|Any CPU.ActiveCfg = Debug|Any CPU
		{AD51501E-EAFB-09B6-E19F-10AC6878ED38}.Debug|Any CPU.Build.0 = Debug|Any CPU
		{AD51501E-EAFB-09B6-E19F-10AC6878ED38}.Release|Any CPU.ActiveCfg = Release|Any CPU
		{AD51501E-EAFB-09B6-E19F-10AC6878ED38}.Release|Any CPU.Build.0 = Release|Any CPU
		{B8D319BD-1F3A-C658-F649-5A742702C7CC}.Debug|Any CPU.ActiveCfg = Debug|Any CPU
		{B8D319BD-1F3A-C658-F649-5A742702C7CC}.Debug|Any CPU.Build.0 = Debug|Any CPU
		{B8D319BD-1F3A-C658-F649-5A742702C7CC}.Release|Any CPU.ActiveCfg = Release|Any CPU
		{B8D319BD-1F3A-C658-F649-5A742702C7CC}.Release|Any CPU.Build.0 = Release|Any CPU
		{A8991D65-D9C0-E0EC-7A53-BF0FBA8FFF6B}.Debug|Any CPU.ActiveCfg = Debug|Any CPU
		{A8991D65-D9C0-E0EC-7A53-BF0FBA8FFF6B}.Debug|Any CPU.Build.0 = Debug|Any CPU
		{A8991D65-D9C0-E0EC-7A53-BF0FBA8FFF6B}.Release|Any CPU.ActiveCfg = Release|Any CPU
		{A8991D65-D9C0-E0EC-7A53-BF0FBA8FFF6B}.Release|Any CPU.Build.0 = Release|Any CPU
		{023E430F-9205-B6B9-1277-69FE5B4F4185}.Debug|Any CPU.ActiveCfg = Debug|Any CPU
		{023E430F-9205-B6B9-1277-69FE5B4F4185}.Debug|Any CPU.Build.0 = Debug|Any CPU
		{023E430F-9205-B6B9-1277-69FE5B4F4185}.Release|Any CPU.ActiveCfg = Release|Any CPU
		{023E430F-9205-B6B9-1277-69FE5B4F4185}.Release|Any CPU.Build.0 = Release|Any CPU
		{C6169E09-6AA1-ACA9-09F9-34C74D54156E}.Debug|Any CPU.ActiveCfg = Debug|Any CPU
		{C6169E09-6AA1-ACA9-09F9-34C74D54156E}.Debug|Any CPU.Build.0 = Debug|Any CPU
		{C6169E09-6AA1-ACA9-09F9-34C74D54156E}.Release|Any CPU.ActiveCfg = Release|Any CPU
		{C6169E09-6AA1-ACA9-09F9-34C74D54156E}.Release|Any CPU.Build.0 = Release|Any CPU
		{D4140E60-6C0C-1A31-83AE-1AA9BEAF03F1}.Debug|Any CPU.ActiveCfg = Debug|Any CPU
		{D4140E60-6C0C-1A31-83AE-1AA9BEAF03F1}.Debug|Any CPU.Build.0 = Debug|Any CPU
		{D4140E60-6C0C-1A31-83AE-1AA9BEAF03F1}.Release|Any CPU.ActiveCfg = Release|Any CPU
		{D4140E60-6C0C-1A31-83AE-1AA9BEAF03F1}.Release|Any CPU.Build.0 = Release|Any CPU
		{0CBFCCCA-302C-16BC-7FB4-5F58BFD8D4D2}.Debug|Any CPU.ActiveCfg = Debug|Any CPU
		{0CBFCCCA-302C-16BC-7FB4-5F58BFD8D4D2}.Debug|Any CPU.Build.0 = Debug|Any CPU
		{0CBFCCCA-302C-16BC-7FB4-5F58BFD8D4D2}.Release|Any CPU.ActiveCfg = Release|Any CPU
		{0CBFCCCA-302C-16BC-7FB4-5F58BFD8D4D2}.Release|Any CPU.Build.0 = Release|Any CPU
		{1D7DB2B5-D1B6-8E1A-B490-C8FF10BE93A6}.Debug|Any CPU.ActiveCfg = Debug|Any CPU
		{1D7DB2B5-D1B6-8E1A-B490-C8FF10BE93A6}.Debug|Any CPU.Build.0 = Debug|Any CPU
		{1D7DB2B5-D1B6-8E1A-B490-C8FF10BE93A6}.Release|Any CPU.ActiveCfg = Release|Any CPU
		{1D7DB2B5-D1B6-8E1A-B490-C8FF10BE93A6}.Release|Any CPU.Build.0 = Release|Any CPU
		{2A009561-5287-E843-EC79-88729CB72726}.Debug|Any CPU.ActiveCfg = Debug|Any CPU
		{2A009561-5287-E843-EC79-88729CB72726}.Debug|Any CPU.Build.0 = Debug|Any CPU
		{2A009561-5287-E843-EC79-88729CB72726}.Release|Any CPU.ActiveCfg = Release|Any CPU
		{2A009561-5287-E843-EC79-88729CB72726}.Release|Any CPU.Build.0 = Release|Any CPU
		{8F815DEE-E584-AA8F-CDBE-80DE8BC8111B}.Debug|Any CPU.ActiveCfg = Debug|Any CPU
		{8F815DEE-E584-AA8F-CDBE-80DE8BC8111B}.Debug|Any CPU.Build.0 = Debug|Any CPU
		{8F815DEE-E584-AA8F-CDBE-80DE8BC8111B}.Release|Any CPU.ActiveCfg = Release|Any CPU
		{8F815DEE-E584-AA8F-CDBE-80DE8BC8111B}.Release|Any CPU.Build.0 = Release|Any CPU
		{4D13924E-DD01-6764-59EF-C4BC0CFA4BFC}.Debug|Any CPU.ActiveCfg = Debug|Any CPU
		{4D13924E-DD01-6764-59EF-C4BC0CFA4BFC}.Debug|Any CPU.Build.0 = Debug|Any CPU
		{4D13924E-DD01-6764-59EF-C4BC0CFA4BFC}.Release|Any CPU.ActiveCfg = Release|Any CPU
		{4D13924E-DD01-6764-59EF-C4BC0CFA4BFC}.Release|Any CPU.Build.0 = Release|Any CPU
		{7E8C698F-3DD6-B0A6-972F-019D63908CB7}.Debug|Any CPU.ActiveCfg = Debug|Any CPU
		{7E8C698F-3DD6-B0A6-972F-019D63908CB7}.Debug|Any CPU.Build.0 = Debug|Any CPU
		{7E8C698F-3DD6-B0A6-972F-019D63908CB7}.Release|Any CPU.ActiveCfg = Release|Any CPU
		{7E8C698F-3DD6-B0A6-972F-019D63908CB7}.Release|Any CPU.Build.0 = Release|Any CPU
		{2089C7B9-2ADC-B7F7-7210-35ECF102C3A3}.Debug|Any CPU.ActiveCfg = Debug|Any CPU
		{2089C7B9-2ADC-B7F7-7210-35ECF102C3A3}.Debug|Any CPU.Build.0 = Debug|Any CPU
		{2089C7B9-2ADC-B7F7-7210-35ECF102C3A3}.Release|Any CPU.ActiveCfg = Release|Any CPU
		{2089C7B9-2ADC-B7F7-7210-35ECF102C3A3}.Release|Any CPU.Build.0 = Release|Any CPU
		{F724738F-37F5-2702-ABF3-B64B21C2B379}.Debug|Any CPU.ActiveCfg = Debug|Any CPU
		{F724738F-37F5-2702-ABF3-B64B21C2B379}.Debug|Any CPU.Build.0 = Debug|Any CPU
		{F724738F-37F5-2702-ABF3-B64B21C2B379}.Release|Any CPU.ActiveCfg = Release|Any CPU
		{F724738F-37F5-2702-ABF3-B64B21C2B379}.Release|Any CPU.Build.0 = Release|Any CPU
		{00B3E1DE-6E0B-1E9A-59DA-12566011F6C7}.Debug|Any CPU.ActiveCfg = Debug|Any CPU
		{00B3E1DE-6E0B-1E9A-59DA-12566011F6C7}.Debug|Any CPU.Build.0 = Debug|Any CPU
		{00B3E1DE-6E0B-1E9A-59DA-12566011F6C7}.Release|Any CPU.ActiveCfg = Release|Any CPU
		{00B3E1DE-6E0B-1E9A-59DA-12566011F6C7}.Release|Any CPU.Build.0 = Release|Any CPU
		{36955BB5-DCD0-5FDC-8C40-E047380C0CEE}.Debug|Any CPU.ActiveCfg = Debug|Any CPU
		{36955BB5-DCD0-5FDC-8C40-E047380C0CEE}.Debug|Any CPU.Build.0 = Debug|Any CPU
		{36955BB5-DCD0-5FDC-8C40-E047380C0CEE}.Release|Any CPU.ActiveCfg = Release|Any CPU
		{36955BB5-DCD0-5FDC-8C40-E047380C0CEE}.Release|Any CPU.Build.0 = Release|Any CPU
		{E396B6FA-7D7D-F794-9F78-89379CE001C7}.Debug|Any CPU.ActiveCfg = Debug|Any CPU
		{E396B6FA-7D7D-F794-9F78-89379CE001C7}.Debug|Any CPU.Build.0 = Debug|Any CPU
		{E396B6FA-7D7D-F794-9F78-89379CE001C7}.Release|Any CPU.ActiveCfg = Release|Any CPU
		{E396B6FA-7D7D-F794-9F78-89379CE001C7}.Release|Any CPU.Build.0 = Release|Any CPU
		{08EB1E10-65F7-D71B-AAC4-6E9C80EEA54D}.Debug|Any CPU.ActiveCfg = Debug|Any CPU
		{08EB1E10-65F7-D71B-AAC4-6E9C80EEA54D}.Debug|Any CPU.Build.0 = Debug|Any CPU
		{08EB1E10-65F7-D71B-AAC4-6E9C80EEA54D}.Release|Any CPU.ActiveCfg = Release|Any CPU
		{08EB1E10-65F7-D71B-AAC4-6E9C80EEA54D}.Release|Any CPU.Build.0 = Release|Any CPU
		{9A0B839A-1B54-0AE1-2545-4B038CC0DDE6}.Debug|Any CPU.ActiveCfg = Debug|Any CPU
		{9A0B839A-1B54-0AE1-2545-4B038CC0DDE6}.Debug|Any CPU.Build.0 = Debug|Any CPU
		{9A0B839A-1B54-0AE1-2545-4B038CC0DDE6}.Release|Any CPU.ActiveCfg = Release|Any CPU
		{9A0B839A-1B54-0AE1-2545-4B038CC0DDE6}.Release|Any CPU.Build.0 = Release|Any CPU
		{9449695E-B24C-6C50-7D26-666C201A275B}.Debug|Any CPU.ActiveCfg = Debug|Any CPU
		{9449695E-B24C-6C50-7D26-666C201A275B}.Debug|Any CPU.Build.0 = Debug|Any CPU
		{9449695E-B24C-6C50-7D26-666C201A275B}.Release|Any CPU.ActiveCfg = Release|Any CPU
		{9449695E-B24C-6C50-7D26-666C201A275B}.Release|Any CPU.Build.0 = Release|Any CPU
		{02F005F1-076D-515C-1960-BE10585D88D5}.Debug|Any CPU.ActiveCfg = Debug|Any CPU
		{02F005F1-076D-515C-1960-BE10585D88D5}.Debug|Any CPU.Build.0 = Debug|Any CPU
		{02F005F1-076D-515C-1960-BE10585D88D5}.Release|Any CPU.ActiveCfg = Release|Any CPU
		{02F005F1-076D-515C-1960-BE10585D88D5}.Release|Any CPU.Build.0 = Release|Any CPU
		{D45A3594-6247-624E-C3CA-4544ED975DE8}.Debug|Any CPU.ActiveCfg = Debug|Any CPU
		{D45A3594-6247-624E-C3CA-4544ED975DE8}.Debug|Any CPU.Build.0 = Debug|Any CPU
		{D45A3594-6247-624E-C3CA-4544ED975DE8}.Release|Any CPU.ActiveCfg = Release|Any CPU
		{D45A3594-6247-624E-C3CA-4544ED975DE8}.Release|Any CPU.Build.0 = Release|Any CPU
		{1CAEF521-BB5B-80DC-1552-81A3317053A7}.Debug|Any CPU.ActiveCfg = Debug|Any CPU
		{1CAEF521-BB5B-80DC-1552-81A3317053A7}.Debug|Any CPU.Build.0 = Debug|Any CPU
		{1CAEF521-BB5B-80DC-1552-81A3317053A7}.Release|Any CPU.ActiveCfg = Release|Any CPU
		{1CAEF521-BB5B-80DC-1552-81A3317053A7}.Release|Any CPU.Build.0 = Release|Any CPU
	EndGlobalSection
	GlobalSection(SolutionProperties) = preSolution
		HideSolutionNode = FALSE
	EndGlobalSection
EndGlobal
